PODS:
  - Alamofire (4.8.0)
  - Kingfisher (4.10.1)
  - NVActivityIndicatorView (4.5.0):
    - NVActivityIndicatorView/Presenter (= 4.5.0)
  - NVActivityIndicatorView/Presenter (4.5.0)
  - SwiftKeychainWrapper (3.2.0)
  - SwiftyJSON (4.2.0)

DEPENDENCIES:
  - Alamofire (~> 4.7)
  - Kingfisher (~> 4.0)
  - NVActivityIndicatorView
  - SwiftKeychainWrapper
  - SwiftyJSON (~> 4.0)

SPEC REPOS:
  https://github.com/cocoapods/specs.git:
    - Alamofire
    - Kingfisher
    - NVActivityIndicatorView
    - SwiftKeychainWrapper
    - SwiftyJSON

SPEC CHECKSUMS:
  Alamofire: 3ec537f71edc9804815215393ae2b1a8ea33a844
  Kingfisher: c148cd7b47ebde9989f6bc7c27dcaa79d81279a0
  NVActivityIndicatorView: 1e4e3ed79248cf1666af182593c3a2acf0fcf193
  SwiftKeychainWrapper: 82c4c02cdc36f9a24f7edfcaab3e336401caa1a1
  SwiftyJSON: c4bcba26dd9ec7a027fc8eade48e2c911f229e96

PODFILE CHECKSUM: 5863568f4015d0e06b5ce8c0af27bdfd647c0f16

COCOAPODS: 1.5.3
