// !$*UTF8*$!
{
	archiveVersion = 1;
	classes = {
	};
	objectVersion = 50;
	objects = {

/* Begin PBXBuildFile section */
		8922761C2216EE0F004B6F70 /* DownloadVC.swift in Sources */ = {isa = PBXBuildFile; fileRef = 8922761B2216EE0F004B6F70 /* DownloadVC.swift */; };
		892B332021244FD300BAF2F9 /* LoadingCell.xib in Resources */ = {isa = PBXBuildFile; fileRef = 892B331F21244FD300BAF2F9 /* LoadingCell.xib */; };
		892B33222124500900BAF2F9 /* LoadingCell.swift in Sources */ = {isa = PBXBuildFile; fileRef = 892B33212124500800BAF2F9 /* LoadingCell.swift */; };
		892B3325212710AB00BAF2F9 /* MeditaceVC.swift in Sources */ = {isa = PBXBuildFile; fileRef = 892B3324212710AB00BAF2F9 /* MeditaceVC.swift */; };
		892B332A2127496000BAF2F9 /* MeditaceCell.swift in Sources */ = {isa = PBXBuildFile; fileRef = 892B33292127496000BAF2F9 /* MeditaceCell.swift */; };
		892B332C21274BFA00BAF2F9 /* MeditaceClass.swift in Sources */ = {isa = PBXBuildFile; fileRef = 892B332B21274BFA00BAF2F9 /* MeditaceClass.swift */; };
		892B333621275E8C00BAF2F9 /* DetailMeditaceVC.swift in Sources */ = {isa = PBXBuildFile; fileRef = 892B333521275E8C00BAF2F9 /* DetailMeditaceVC.swift */; };
		8946ABA92180E0B5007EF199 /* mujSlider.swift in Sources */ = {isa = PBXBuildFile; fileRef = 8946ABA82180E0B5007EF199 /* mujSlider.swift */; };
		8964D8E821294ACE00D59220 /* MeditacePlayerVC.swift in Sources */ = {isa = PBXBuildFile; fileRef = 8964D8E721294ACE00D59220 /* MeditacePlayerVC.swift */; };
		897FA7D82217D6CE007F43A5 /* publicCode.swift in Sources */ = {isa = PBXBuildFile; fileRef = 897FA7D72217D6CE007F43A5 /* publicCode.swift */; };
		8988CBC121FD22BD00B9D50B /* signInVC.swift in Sources */ = {isa = PBXBuildFile; fileRef = 8988CBC021FD22BD00B9D50B /* signInVC.swift */; };
		899163FD215C46B600A850EC /* GOTHICBI.TTF in Resources */ = {isa = PBXBuildFile; fileRef = 899163F9215C46B000A850EC /* GOTHICBI.TTF */; };
		899163FE215C46B600A850EC /* GOTHIC.TTF in Resources */ = {isa = PBXBuildFile; fileRef = 899163FA215C46B100A850EC /* GOTHIC.TTF */; };
		899163FF215C46B600A850EC /* GOTHICI.TTF in Resources */ = {isa = PBXBuildFile; fileRef = 899163FB215C46B300A850EC /* GOTHICI.TTF */; };
		89916400215C46B600A850EC /* GOTHICB.TTF in Resources */ = {isa = PBXBuildFile; fileRef = 899163FC215C46B400A850EC /* GOTHICB.TTF */; };
		89916402215E1BB200A850EC /* articleWebVC.swift in Sources */ = {isa = PBXBuildFile; fileRef = 89916401215E1BB200A850EC /* articleWebVC.swift */; };
		89A9B61822042C5900527EED /* InfoVC.swift in Sources */ = {isa = PBXBuildFile; fileRef = 89A9B61722042C5900527EED /* InfoVC.swift */; };
		89C1059C21078BAE006EBD5F /* AppDelegate.swift in Sources */ = {isa = PBXBuildFile; fileRef = 89C1059B21078BAE006EBD5F /* AppDelegate.swift */; };
		89C105A121078BAE006EBD5F /* Main.storyboard in Resources */ = {isa = PBXBuildFile; fileRef = 89C1059F21078BAE006EBD5F /* Main.storyboard */; };
		89C105A321078BB2006EBD5F /* Assets.xcassets in Resources */ = {isa = PBXBuildFile; fileRef = 89C105A221078BB2006EBD5F /* Assets.xcassets */; };
		89C105A621078BB2006EBD5F /* LaunchScreen.storyboard in Resources */ = {isa = PBXBuildFile; fileRef = 89C105A421078BB2006EBD5F /* LaunchScreen.storyboard */; };
		89C105CA210792D0006EBD5F /* ArticleListVC.swift in Sources */ = {isa = PBXBuildFile; fileRef = 89C105C9210792D0006EBD5F /* ArticleListVC.swift */; };
		89C105CC210793BF006EBD5F /* ArticleCell.swift in Sources */ = {isa = PBXBuildFile; fileRef = 89C105CB210793BF006EBD5F /* ArticleCell.swift */; };
		89C105CE210795E3006EBD5F /* ArticleClass.swift in Sources */ = {isa = PBXBuildFile; fileRef = 89C105CD210795E3006EBD5F /* ArticleClass.swift */; };
		89ED1BE52114C766001CC7F6 /* ArticleVC.swift in Sources */ = {isa = PBXBuildFile; fileRef = 89ED1BE42114C766001CC7F6 /* ArticleVC.swift */; };
		B3B72B38AB01A7F20DFEF0B0 /* Pods_LS_App.framework in Frameworks */ = {isa = PBXBuildFile; fileRef = 4F5C6FB3141DBBD8FAB7FD1E /* Pods_LS_App.framework */; };
/* End PBXBuildFile section */

/* Begin PBXContainerItemProxy section */
		89C105AD21078BB2006EBD5F /* PBXContainerItemProxy */ = {
			isa = PBXContainerItemProxy;
			containerPortal = 89C1059021078BAE006EBD5F /* Project object */;
			proxyType = 1;
			remoteGlobalIDString = 89C1059721078BAE006EBD5F;
			remoteInfo = LS_App;
		};
		89C105B821078BB2006EBD5F /* PBXContainerItemProxy */ = {
			isa = PBXContainerItemProxy;
			containerPortal = 89C1059021078BAE006EBD5F /* Project object */;
			proxyType = 1;
			remoteGlobalIDString = 89C1059721078BAE006EBD5F;
			remoteInfo = LS_App;
		};
/* End PBXContainerItemProxy section */

/* Begin PBXFileReference section */
		4F5C6FB3141DBBD8FAB7FD1E /* Pods_LS_App.framework */ = {isa = PBXFileReference; explicitFileType = wrapper.framework; includeInIndex = 0; path = Pods_LS_App.framework; sourceTree = BUILT_PRODUCTS_DIR; };
		8922761B2216EE0F004B6F70 /* DownloadVC.swift */ = {isa = PBXFileReference; lastKnownFileType = sourcecode.swift; path = DownloadVC.swift; sourceTree = "<group>"; };
		892B331F21244FD300BAF2F9 /* LoadingCell.xib */ = {isa = PBXFileReference; fileEncoding = 4; lastKnownFileType = file.xib; path = LoadingCell.xib; sourceTree = "<group>"; };
		892B33212124500800BAF2F9 /* LoadingCell.swift */ = {isa = PBXFileReference; fileEncoding = 4; lastKnownFileType = sourcecode.swift; path = LoadingCell.swift; sourceTree = "<group>"; };
		892B3324212710AB00BAF2F9 /* MeditaceVC.swift */ = {isa = PBXFileReference; lastKnownFileType = sourcecode.swift; path = MeditaceVC.swift; sourceTree = "<group>"; };
		892B33292127496000BAF2F9 /* MeditaceCell.swift */ = {isa = PBXFileReference; lastKnownFileType = sourcecode.swift; path = MeditaceCell.swift; sourceTree = "<group>"; };
		892B332B21274BFA00BAF2F9 /* MeditaceClass.swift */ = {isa = PBXFileReference; lastKnownFileType = sourcecode.swift; path = MeditaceClass.swift; sourceTree = "<group>"; };
		892B333521275E8C00BAF2F9 /* DetailMeditaceVC.swift */ = {isa = PBXFileReference; lastKnownFileType = sourcecode.swift; path = DetailMeditaceVC.swift; sourceTree = "<group>"; };
		8946ABA82180E0B5007EF199 /* mujSlider.swift */ = {isa = PBXFileReference; lastKnownFileType = sourcecode.swift; path = mujSlider.swift; sourceTree = "<group>"; };
		8964D8E721294ACE00D59220 /* MeditacePlayerVC.swift */ = {isa = PBXFileReference; lastKnownFileType = sourcecode.swift; path = MeditacePlayerVC.swift; sourceTree = "<group>"; };
		897FA7D72217D6CE007F43A5 /* publicCode.swift */ = {isa = PBXFileReference; lastKnownFileType = sourcecode.swift; path = publicCode.swift; sourceTree = "<group>"; };
		8988CBBF21F8BEDD00B9D50B /* LS_playground.playground */ = {isa = PBXFileReference; lastKnownFileType = file.playground; path = LS_playground.playground; sourceTree = "<group>"; xcLanguageSpecificationIdentifier = xcode.lang.swift; };
		8988CBC021FD22BD00B9D50B /* signInVC.swift */ = {isa = PBXFileReference; lastKnownFileType = sourcecode.swift; path = signInVC.swift; sourceTree = "<group>"; };
		899163F9215C46B000A850EC /* GOTHICBI.TTF */ = {isa = PBXFileReference; lastKnownFileType = file; path = GOTHICBI.TTF; sourceTree = "<group>"; };
		899163FA215C46B100A850EC /* GOTHIC.TTF */ = {isa = PBXFileReference; lastKnownFileType = file; path = GOTHIC.TTF; sourceTree = "<group>"; };
		899163FB215C46B300A850EC /* GOTHICI.TTF */ = {isa = PBXFileReference; lastKnownFileType = file; path = GOTHICI.TTF; sourceTree = "<group>"; };
		899163FC215C46B400A850EC /* GOTHICB.TTF */ = {isa = PBXFileReference; lastKnownFileType = file; path = GOTHICB.TTF; sourceTree = "<group>"; };
		89916401215E1BB200A850EC /* articleWebVC.swift */ = {isa = PBXFileReference; lastKnownFileType = sourcecode.swift; path = articleWebVC.swift; sourceTree = "<group>"; };
		89A9B61722042C5900527EED /* InfoVC.swift */ = {isa = PBXFileReference; lastKnownFileType = sourcecode.swift; path = InfoVC.swift; sourceTree = "<group>"; };
		89C1059821078BAE006EBD5F /* LS_App.app */ = {isa = PBXFileReference; explicitFileType = wrapper.application; includeInIndex = 0; path = LS_App.app; sourceTree = BUILT_PRODUCTS_DIR; };
		89C1059B21078BAE006EBD5F /* AppDelegate.swift */ = {isa = PBXFileReference; lastKnownFileType = sourcecode.swift; path = AppDelegate.swift; sourceTree = "<group>"; };
		89C105A021078BAE006EBD5F /* Base */ = {isa = PBXFileReference; lastKnownFileType = file.storyboard; name = Base; path = Base.lproj/Main.storyboard; sourceTree = "<group>"; };
		89C105A221078BB2006EBD5F /* Assets.xcassets */ = {isa = PBXFileReference; lastKnownFileType = folder.assetcatalog; path = Assets.xcassets; sourceTree = "<group>"; };
		89C105A521078BB2006EBD5F /* Base */ = {isa = PBXFileReference; lastKnownFileType = file.storyboard; name = Base; path = Base.lproj/LaunchScreen.storyboard; sourceTree = "<group>"; };
		89C105A721078BB2006EBD5F /* Info.plist */ = {isa = PBXFileReference; lastKnownFileType = text.plist.xml; path = Info.plist; sourceTree = "<group>"; };
		89C105AC21078BB2006EBD5F /* LS_AppTests.xctest */ = {isa = PBXFileReference; explicitFileType = wrapper.cfbundle; includeInIndex = 0; path = LS_AppTests.xctest; sourceTree = BUILT_PRODUCTS_DIR; };
		89C105B721078BB2006EBD5F /* LS_AppUITests.xctest */ = {isa = PBXFileReference; explicitFileType = wrapper.cfbundle; includeInIndex = 0; path = LS_AppUITests.xctest; sourceTree = BUILT_PRODUCTS_DIR; };
		89C105C9210792D0006EBD5F /* ArticleListVC.swift */ = {isa = PBXFileReference; lastKnownFileType = sourcecode.swift; path = ArticleListVC.swift; sourceTree = "<group>"; };
		89C105CB210793BF006EBD5F /* ArticleCell.swift */ = {isa = PBXFileReference; lastKnownFileType = sourcecode.swift; path = ArticleCell.swift; sourceTree = "<group>"; };
		89C105CD210795E3006EBD5F /* ArticleClass.swift */ = {isa = PBXFileReference; lastKnownFileType = sourcecode.swift; path = ArticleClass.swift; sourceTree = "<group>"; };
		89ED1BE42114C766001CC7F6 /* ArticleVC.swift */ = {isa = PBXFileReference; lastKnownFileType = sourcecode.swift; path = ArticleVC.swift; sourceTree = "<group>"; };
		A8D97B2D0C8B9F14B3B2F633 /* Pods-LS_App.release.xcconfig */ = {isa = PBXFileReference; includeInIndex = 1; lastKnownFileType = text.xcconfig; name = "Pods-LS_App.release.xcconfig"; path = "Pods/Target Support Files/Pods-LS_App/Pods-LS_App.release.xcconfig"; sourceTree = "<group>"; };
		E8919F40F65A7A3C65C35171 /* Pods-LS_App.debug.xcconfig */ = {isa = PBXFileReference; includeInIndex = 1; lastKnownFileType = text.xcconfig; name = "Pods-LS_App.debug.xcconfig"; path = "Pods/Target Support Files/Pods-LS_App/Pods-LS_App.debug.xcconfig"; sourceTree = "<group>"; };
/* End PBXFileReference section */

/* Begin PBXFrameworksBuildPhase section */
		89C1059521078BAE006EBD5F /* Frameworks */ = {
			isa = PBXFrameworksBuildPhase;
			buildActionMask = 2147483647;
			files = (
				B3B72B38AB01A7F20DFEF0B0 /* Pods_LS_App.framework in Frameworks */,
			);
			runOnlyForDeploymentPostprocessing = 0;
		};
		89C105A921078BB2006EBD5F /* Frameworks */ = {
			isa = PBXFrameworksBuildPhase;
			buildActionMask = 2147483647;
			files = (
			);
			runOnlyForDeploymentPostprocessing = 0;
		};
		89C105B421078BB2006EBD5F /* Frameworks */ = {
			isa = PBXFrameworksBuildPhase;
			buildActionMask = 2147483647;
			files = (
			);
			runOnlyForDeploymentPostprocessing = 0;
		};
/* End PBXFrameworksBuildPhase section */

/* Begin PBXGroup section */
		892B332321270A9000BAF2F9 /* ArticlesFeature */ = {
			isa = PBXGroup;
			children = (
				8958259822412F9700DE7C0C /* Controllers */,
				8958259A22412FF500DE7C0C /* Model */,
				8958259922412FC900DE7C0C /* View */,
			);
			path = ArticlesFeature;
			sourceTree = "<group>";
		};
		892B3326212747D500BAF2F9 /* MeditationsFeature */ = {
			isa = PBXGroup;
			children = (
				8958259C2241306700DE7C0C /* View */,
				8958259D2241306E00DE7C0C /* Model */,
				8958259B2241303700DE7C0C /* Controllers */,
			);
			path = MeditationsFeature;
			sourceTree = "<group>";
		};
		8958259822412F9700DE7C0C /* Controllers */ = {
			isa = PBXGroup;
			children = (
				89C105C9210792D0006EBD5F /* ArticleListVC.swift */,
				89ED1BE42114C766001CC7F6 /* ArticleVC.swift */,
				89916401215E1BB200A850EC /* articleWebVC.swift */,
			);
			path = Controllers;
			sourceTree = "<group>";
		};
		8958259922412FC900DE7C0C /* View */ = {
			isa = PBXGroup;
			children = (
				89C105CB210793BF006EBD5F /* ArticleCell.swift */,
				892B331F21244FD300BAF2F9 /* LoadingCell.xib */,
				892B33212124500800BAF2F9 /* LoadingCell.swift */,
			);
			name = View;
			sourceTree = "<group>";
		};
		8958259A22412FF500DE7C0C /* Model */ = {
			isa = PBXGroup;
			children = (
				89C105CD210795E3006EBD5F /* ArticleClass.swift */,
			);
			path = Model;
			sourceTree = "<group>";
		};
		8958259B2241303700DE7C0C /* Controllers */ = {
			isa = PBXGroup;
			children = (
				8922761B2216EE0F004B6F70 /* DownloadVC.swift */,
				8988CBC021FD22BD00B9D50B /* signInVC.swift */,
				892B3324212710AB00BAF2F9 /* MeditaceVC.swift */,
				892B333521275E8C00BAF2F9 /* DetailMeditaceVC.swift */,
				8964D8E721294ACE00D59220 /* MeditacePlayerVC.swift */,
				89A9B61722042C5900527EED /* InfoVC.swift */,
			);
			path = Controllers;
			sourceTree = "<group>";
		};
		8958259C2241306700DE7C0C /* View */ = {
			isa = PBXGroup;
			children = (
				892B33292127496000BAF2F9 /* MeditaceCell.swift */,
				8946ABA82180E0B5007EF199 /* mujSlider.swift */,
			);
			path = View;
			sourceTree = "<group>";
		};
		8958259D2241306E00DE7C0C /* Model */ = {
			isa = PBXGroup;
			children = (
				897FA7D72217D6CE007F43A5 /* publicCode.swift */,
				892B332B21274BFA00BAF2F9 /* MeditaceClass.swift */,
			);
			path = Model;
			sourceTree = "<group>";
		};
		8958259E224130C800DE7C0C /* CommonFiles */ = {
			isa = PBXGroup;
			children = (
				899163F4215C467A00A850EC /* Font */,
				89C1059B21078BAE006EBD5F /* AppDelegate.swift */,
				89C1059F21078BAE006EBD5F /* Main.storyboard */,
				89C105A221078BB2006EBD5F /* Assets.xcassets */,
				89C105A421078BB2006EBD5F /* LaunchScreen.storyboard */,
				89C105A721078BB2006EBD5F /* Info.plist */,
			);
			path = CommonFiles;
			sourceTree = "<group>";
		};
		899163F4215C467A00A850EC /* Font */ = {
			isa = PBXGroup;
			children = (
				899163FA215C46B100A850EC /* GOTHIC.TTF */,
				899163FC215C46B400A850EC /* GOTHICB.TTF */,
				899163F9215C46B000A850EC /* GOTHICBI.TTF */,
				899163FB215C46B300A850EC /* GOTHICI.TTF */,
			);
			path = Font;
			sourceTree = "<group>";
		};
		89C1058F21078BAD006EBD5F = {
			isa = PBXGroup;
			children = (
				8988CBBF21F8BEDD00B9D50B /* LS_playground.playground */,
				89C1059A21078BAE006EBD5F /* LS_App */,
				89C1059921078BAE006EBD5F /* Products */,
				A7EFE613FAF75C65F9ABC351 /* Pods */,
				ABAF679B0915377A6D95DE45 /* Frameworks */,
			);
			sourceTree = "<group>";
		};
		89C1059921078BAE006EBD5F /* Products */ = {
			isa = PBXGroup;
			children = (
				89C1059821078BAE006EBD5F /* LS_App.app */,
				89C105AC21078BB2006EBD5F /* LS_AppTests.xctest */,
				89C105B721078BB2006EBD5F /* LS_AppUITests.xctest */,
			);
			name = Products;
			sourceTree = "<group>";
		};
		89C1059A21078BAE006EBD5F /* LS_App */ = {
			isa = PBXGroup;
			children = (
				8958259E224130C800DE7C0C /* CommonFiles */,
				892B3326212747D500BAF2F9 /* MeditationsFeature */,
				892B332321270A9000BAF2F9 /* ArticlesFeature */,
			);
			path = LS_App;
			sourceTree = "<group>";
		};
		A7EFE613FAF75C65F9ABC351 /* Pods */ = {
			isa = PBXGroup;
			children = (
				E8919F40F65A7A3C65C35171 /* Pods-LS_App.debug.xcconfig */,
				A8D97B2D0C8B9F14B3B2F633 /* Pods-LS_App.release.xcconfig */,
			);
			name = Pods;
			sourceTree = "<group>";
		};
		ABAF679B0915377A6D95DE45 /* Frameworks */ = {
			isa = PBXGroup;
			children = (
				4F5C6FB3141DBBD8FAB7FD1E /* Pods_LS_App.framework */,
			);
			name = Frameworks;
			sourceTree = "<group>";
		};
/* End PBXGroup section */

/* Begin PBXNativeTarget section */
		89C1059721078BAE006EBD5F /* LS_App */ = {
			isa = PBXNativeTarget;
			buildConfigurationList = 89C105C021078BB2006EBD5F /* Build configuration list for PBXNativeTarget "LS_App" */;
			buildPhases = (
				C270BE5114FF125E03613402 /* [CP] Check Pods Manifest.lock */,
				89C1059421078BAE006EBD5F /* Sources */,
				89C1059521078BAE006EBD5F /* Frameworks */,
				89C1059621078BAE006EBD5F /* Resources */,
				E2ED2DE966E4013BB9119A98 /* [CP] Embed Pods Frameworks */,
			);
			buildRules = (
			);
			dependencies = (
			);
			name = LS_App;
			productName = LS_App;
			productReference = 89C1059821078BAE006EBD5F /* LS_App.app */;
			productType = "com.apple.product-type.application";
		};
		89C105AB21078BB2006EBD5F /* LS_AppTests */ = {
			isa = PBXNativeTarget;
			buildConfigurationList = 89C105C321078BB2006EBD5F /* Build configuration list for PBXNativeTarget "LS_AppTests" */;
			buildPhases = (
				89C105A821078BB2006EBD5F /* Sources */,
				89C105A921078BB2006EBD5F /* Frameworks */,
				89C105AA21078BB2006EBD5F /* Resources */,
			);
			buildRules = (
			);
			dependencies = (
				89C105AE21078BB2006EBD5F /* PBXTargetDependency */,
			);
			name = LS_AppTests;
			productName = LS_AppTests;
			productReference = 89C105AC21078BB2006EBD5F /* LS_AppTests.xctest */;
			productType = "com.apple.product-type.bundle.unit-test";
		};
		89C105B621078BB2006EBD5F /* LS_AppUITests */ = {
			isa = PBXNativeTarget;
			buildConfigurationList = 89C105C621078BB2006EBD5F /* Build configuration list for PBXNativeTarget "LS_AppUITests" */;
			buildPhases = (
				89C105B321078BB2006EBD5F /* Sources */,
				89C105B421078BB2006EBD5F /* Frameworks */,
				89C105B521078BB2006EBD5F /* Resources */,
			);
			buildRules = (
			);
			dependencies = (
				89C105B921078BB2006EBD5F /* PBXTargetDependency */,
			);
			name = LS_AppUITests;
			productName = LS_AppUITests;
			productReference = 89C105B721078BB2006EBD5F /* LS_AppUITests.xctest */;
			productType = "com.apple.product-type.bundle.ui-testing";
		};
/* End PBXNativeTarget section */

/* Begin PBXProject section */
		89C1059021078BAE006EBD5F /* Project object */ = {
			isa = PBXProject;
			attributes = {
				LastSwiftUpdateCheck = 0930;
				LastUpgradeCheck = 0930;
				ORGANIZATIONNAME = Boocha;
				TargetAttributes = {
					89C1059721078BAE006EBD5F = {
						CreatedOnToolsVersion = 9.3.1;
					};
					89C105AB21078BB2006EBD5F = {
						CreatedOnToolsVersion = 9.3.1;
						TestTargetID = 89C1059721078BAE006EBD5F;
					};
					89C105B621078BB2006EBD5F = {
						CreatedOnToolsVersion = 9.3.1;
						TestTargetID = 89C1059721078BAE006EBD5F;
					};
				};
			};
			buildConfigurationList = 89C1059321078BAE006EBD5F /* Build configuration list for PBXProject "LS_App" */;
			compatibilityVersion = "Xcode 9.3";
			developmentRegion = en;
			hasScannedForEncodings = 0;
			knownRegions = (
				en,
				Base,
			);
			mainGroup = 89C1058F21078BAD006EBD5F;
			productRefGroup = 89C1059921078BAE006EBD5F /* Products */;
			projectDirPath = "";
			projectRoot = "";
			targets = (
				89C1059721078BAE006EBD5F /* LS_App */,
				89C105AB21078BB2006EBD5F /* LS_AppTests */,
				89C105B621078BB2006EBD5F /* LS_AppUITests */,
			);
		};
/* End PBXProject section */

/* Begin PBXResourcesBuildPhase section */
		89C1059621078BAE006EBD5F /* Resources */ = {
			isa = PBXResourcesBuildPhase;
			buildActionMask = 2147483647;
			files = (
				89C105A621078BB2006EBD5F /* LaunchScreen.storyboard in Resources */,
				89C105A321078BB2006EBD5F /* Assets.xcassets in Resources */,
				899163FD215C46B600A850EC /* GOTHICBI.TTF in Resources */,
				899163FE215C46B600A850EC /* GOTHIC.TTF in Resources */,
				892B332021244FD300BAF2F9 /* LoadingCell.xib in Resources */,
				89C105A121078BAE006EBD5F /* Main.storyboard in Resources */,
				899163FF215C46B600A850EC /* GOTHICI.TTF in Resources */,
				89916400215C46B600A850EC /* GOTHICB.TTF in Resources */,
			);
			runOnlyForDeploymentPostprocessing = 0;
		};
		89C105AA21078BB2006EBD5F /* Resources */ = {
			isa = PBXResourcesBuildPhase;
			buildActionMask = 2147483647;
			files = (
			);
			runOnlyForDeploymentPostprocessing = 0;
		};
		89C105B521078BB2006EBD5F /* Resources */ = {
			isa = PBXResourcesBuildPhase;
			buildActionMask = 2147483647;
			files = (
			);
			runOnlyForDeploymentPostprocessing = 0;
		};
/* End PBXResourcesBuildPhase section */

/* Begin PBXShellScriptBuildPhase section */
		C270BE5114FF125E03613402 /* [CP] Check Pods Manifest.lock */ = {
			isa = PBXShellScriptBuildPhase;
			buildActionMask = 2147483647;
			files = (
			);
			inputPaths = (
				"${PODS_PODFILE_DIR_PATH}/Podfile.lock",
				"${PODS_ROOT}/Manifest.lock",
			);
			name = "[CP] Check Pods Manifest.lock";
			outputPaths = (
				"$(DERIVED_FILE_DIR)/Pods-LS_App-checkManifestLockResult.txt",
			);
			runOnlyForDeploymentPostprocessing = 0;
			shellPath = /bin/sh;
			shellScript = "diff \"${PODS_PODFILE_DIR_PATH}/Podfile.lock\" \"${PODS_ROOT}/Manifest.lock\" > /dev/null\nif [ $? != 0 ] ; then\n    # print error to STDERR\n    echo \"error: The sandbox is not in sync with the Podfile.lock. Run 'pod install' or update your CocoaPods installation.\" >&2\n    exit 1\nfi\n# This output is used by Xcode 'outputs' to avoid re-running this script phase.\necho \"SUCCESS\" > \"${SCRIPT_OUTPUT_FILE_0}\"\n";
			showEnvVarsInLog = 0;
		};
		E2ED2DE966E4013BB9119A98 /* [CP] Embed Pods Frameworks */ = {
			isa = PBXShellScriptBuildPhase;
			buildActionMask = 2147483647;
			files = (
			);
			inputPaths = (
				"${SRCROOT}/Pods/Target Support Files/Pods-LS_App/Pods-LS_App-frameworks.sh",
				"${BUILT_PRODUCTS_DIR}/Alamofire/Alamofire.framework",
				"${BUILT_PRODUCTS_DIR}/Kingfisher/Kingfisher.framework",
				"${BUILT_PRODUCTS_DIR}/NVActivityIndicatorView/NVActivityIndicatorView.framework",
				"${BUILT_PRODUCTS_DIR}/SKActivityIndicatorView/SKActivityIndicatorView.framework",
				"${BUILT_PRODUCTS_DIR}/SwiftKeychainWrapper/SwiftKeychainWrapper.framework",
				"${BUILT_PRODUCTS_DIR}/SwiftyJSON/SwiftyJSON.framework",
				"${BUILT_PRODUCTS_DIR}/SwiftyUserDefaults/SwiftyUserDefaults.framework",
			);
			name = "[CP] Embed Pods Frameworks";
			outputPaths = (
				"${TARGET_BUILD_DIR}/${FRAMEWORKS_FOLDER_PATH}/Alamofire.framework",
				"${TARGET_BUILD_DIR}/${FRAMEWORKS_FOLDER_PATH}/Kingfisher.framework",
				"${TARGET_BUILD_DIR}/${FRAMEWORKS_FOLDER_PATH}/NVActivityIndicatorView.framework",
				"${TARGET_BUILD_DIR}/${FRAMEWORKS_FOLDER_PATH}/SKActivityIndicatorView.framework",
				"${TARGET_BUILD_DIR}/${FRAMEWORKS_FOLDER_PATH}/SwiftKeychainWrapper.framework",
				"${TARGET_BUILD_DIR}/${FRAMEWORKS_FOLDER_PATH}/SwiftyJSON.framework",
				"${TARGET_BUILD_DIR}/${FRAMEWORKS_FOLDER_PATH}/SwiftyUserDefaults.framework",
			);
			runOnlyForDeploymentPostprocessing = 0;
			shellPath = /bin/sh;
			shellScript = "\"${SRCROOT}/Pods/Target Support Files/Pods-LS_App/Pods-LS_App-frameworks.sh\"\n";
			showEnvVarsInLog = 0;
		};
/* End PBXShellScriptBuildPhase section */

/* Begin PBXSourcesBuildPhase section */
		89C1059421078BAE006EBD5F /* Sources */ = {
			isa = PBXSourcesBuildPhase;
			buildActionMask = 2147483647;
			files = (
				892B3325212710AB00BAF2F9 /* MeditaceVC.swift in Sources */,
				892B332A2127496000BAF2F9 /* MeditaceCell.swift in Sources */,
				89C105CC210793BF006EBD5F /* ArticleCell.swift in Sources */,
				89ED1BE52114C766001CC7F6 /* ArticleVC.swift in Sources */,
				892B333621275E8C00BAF2F9 /* DetailMeditaceVC.swift in Sources */,
				897FA7D82217D6CE007F43A5 /* publicCode.swift in Sources */,
				89C105CA210792D0006EBD5F /* ArticleListVC.swift in Sources */,
				89A9B61822042C5900527EED /* InfoVC.swift in Sources */,
				8964D8E821294ACE00D59220 /* MeditacePlayerVC.swift in Sources */,
				8946ABA92180E0B5007EF199 /* mujSlider.swift in Sources */,
				8988CBC121FD22BD00B9D50B /* signInVC.swift in Sources */,
				892B33222124500900BAF2F9 /* LoadingCell.swift in Sources */,
				89C1059C21078BAE006EBD5F /* AppDelegate.swift in Sources */,
				892B332C21274BFA00BAF2F9 /* MeditaceClass.swift in Sources */,
				89916402215E1BB200A850EC /* articleWebVC.swift in Sources */,
				8922761C2216EE0F004B6F70 /* DownloadVC.swift in Sources */,
				89C105CE210795E3006EBD5F /* ArticleClass.swift in Sources */,
			);
			runOnlyForDeploymentPostprocessing = 0;
		};
		89C105A821078BB2006EBD5F /* Sources */ = {
			isa = PBXSourcesBuildPhase;
			buildActionMask = 2147483647;
			files = (
			);
			runOnlyForDeploymentPostprocessing = 0;
		};
		89C105B321078BB2006EBD5F /* Sources */ = {
			isa = PBXSourcesBuildPhase;
			buildActionMask = 2147483647;
			files = (
			);
			runOnlyForDeploymentPostprocessing = 0;
		};
/* End PBXSourcesBuildPhase section */

/* Begin PBXTargetDependency section */
		89C105AE21078BB2006EBD5F /* PBXTargetDependency */ = {
			isa = PBXTargetDependency;
			target = 89C1059721078BAE006EBD5F /* LS_App */;
			targetProxy = 89C105AD21078BB2006EBD5F /* PBXContainerItemProxy */;
		};
		89C105B921078BB2006EBD5F /* PBXTargetDependency */ = {
			isa = PBXTargetDependency;
			target = 89C1059721078BAE006EBD5F /* LS_App */;
			targetProxy = 89C105B821078BB2006EBD5F /* PBXContainerItemProxy */;
		};
/* End PBXTargetDependency section */

/* Begin PBXVariantGroup section */
		89C1059F21078BAE006EBD5F /* Main.storyboard */ = {
			isa = PBXVariantGroup;
			children = (
				89C105A021078BAE006EBD5F /* Base */,
			);
			name = Main.storyboard;
			sourceTree = "<group>";
		};
		89C105A421078BB2006EBD5F /* LaunchScreen.storyboard */ = {
			isa = PBXVariantGroup;
			children = (
				89C105A521078BB2006EBD5F /* Base */,
			);
			name = LaunchScreen.storyboard;
			sourceTree = "<group>";
		};
/* End PBXVariantGroup section */

/* Begin XCBuildConfiguration section */
		89C105BE21078BB2006EBD5F /* Debug */ = {
			isa = XCBuildConfiguration;
			buildSettings = {
				ALWAYS_SEARCH_USER_PATHS = NO;
				CLANG_ANALYZER_NONNULL = YES;
				CLANG_ANALYZER_NUMBER_OBJECT_CONVERSION = YES_AGGRESSIVE;
				CLANG_CXX_LANGUAGE_STANDARD = "gnu++14";
				CLANG_CXX_LIBRARY = "libc++";
				CLANG_ENABLE_MODULES = YES;
				CLANG_ENABLE_OBJC_ARC = YES;
				CLANG_ENABLE_OBJC_WEAK = YES;
				CLANG_WARN_BLOCK_CAPTURE_AUTORELEASING = YES;
				CLANG_WARN_BOOL_CONVERSION = YES;
				CLANG_WARN_COMMA = YES;
				CLANG_WARN_CONSTANT_CONVERSION = YES;
				CLANG_WARN_DEPRECATED_OBJC_IMPLEMENTATIONS = YES;
				CLANG_WARN_DIRECT_OBJC_ISA_USAGE = YES_ERROR;
				CLANG_WARN_DOCUMENTATION_COMMENTS = YES;
				CLANG_WARN_EMPTY_BODY = YES;
				CLANG_WARN_ENUM_CONVERSION = YES;
				CLANG_WARN_INFINITE_RECURSION = YES;
				CLANG_WARN_INT_CONVERSION = YES;
				CLANG_WARN_NON_LITERAL_NULL_CONVERSION = YES;
				CLANG_WARN_OBJC_IMPLICIT_RETAIN_SELF = YES;
				CLANG_WARN_OBJC_LITERAL_CONVERSION = YES;
				CLANG_WARN_OBJC_ROOT_CLASS = YES_ERROR;
				CLANG_WARN_RANGE_LOOP_ANALYSIS = YES;
				CLANG_WARN_STRICT_PROTOTYPES = YES;
				CLANG_WARN_SUSPICIOUS_MOVE = YES;
				CLANG_WARN_UNGUARDED_AVAILABILITY = YES_AGGRESSIVE;
				CLANG_WARN_UNREACHABLE_CODE = YES;
				CLANG_WARN__DUPLICATE_METHOD_MATCH = YES;
				CODE_SIGN_IDENTITY = "iPhone Developer";
				COPY_PHASE_STRIP = NO;
				DEBUG_INFORMATION_FORMAT = dwarf;
				ENABLE_STRICT_OBJC_MSGSEND = YES;
				ENABLE_TESTABILITY = YES;
				GCC_C_LANGUAGE_STANDARD = gnu11;
				GCC_DYNAMIC_NO_PIC = NO;
				GCC_NO_COMMON_BLOCKS = YES;
				GCC_OPTIMIZATION_LEVEL = 0;
				GCC_PREPROCESSOR_DEFINITIONS = (
					"DEBUG=1",
					"$(inherited)",
				);
				GCC_WARN_64_TO_32_BIT_CONVERSION = YES;
				GCC_WARN_ABOUT_RETURN_TYPE = YES_ERROR;
				GCC_WARN_UNDECLARED_SELECTOR = YES;
				GCC_WARN_UNINITIALIZED_AUTOS = YES_AGGRESSIVE;
				GCC_WARN_UNUSED_FUNCTION = YES;
				GCC_WARN_UNUSED_VARIABLE = YES;
				IPHONEOS_DEPLOYMENT_TARGET = 11.3;
				MTL_ENABLE_DEBUG_INFO = YES;
				ONLY_ACTIVE_ARCH = YES;
				SDKROOT = iphoneos;
				SWIFT_ACTIVE_COMPILATION_CONDITIONS = DEBUG;
				SWIFT_OPTIMIZATION_LEVEL = "-Onone";
			};
			name = Debug;
		};
		89C105BF21078BB2006EBD5F /* Release */ = {
			isa = XCBuildConfiguration;
			buildSettings = {
				ALWAYS_SEARCH_USER_PATHS = NO;
				CLANG_ANALYZER_NONNULL = YES;
				CLANG_ANALYZER_NUMBER_OBJECT_CONVERSION = YES_AGGRESSIVE;
				CLANG_CXX_LANGUAGE_STANDARD = "gnu++14";
				CLANG_CXX_LIBRARY = "libc++";
				CLANG_ENABLE_MODULES = YES;
				CLANG_ENABLE_OBJC_ARC = YES;
				CLANG_ENABLE_OBJC_WEAK = YES;
				CLANG_WARN_BLOCK_CAPTURE_AUTORELEASING = YES;
				CLANG_WARN_BOOL_CONVERSION = YES;
				CLANG_WARN_COMMA = YES;
				CLANG_WARN_CONSTANT_CONVERSION = YES;
				CLANG_WARN_DEPRECATED_OBJC_IMPLEMENTATIONS = YES;
				CLANG_WARN_DIRECT_OBJC_ISA_USAGE = YES_ERROR;
				CLANG_WARN_DOCUMENTATION_COMMENTS = YES;
				CLANG_WARN_EMPTY_BODY = YES;
				CLANG_WARN_ENUM_CONVERSION = YES;
				CLANG_WARN_INFINITE_RECURSION = YES;
				CLANG_WARN_INT_CONVERSION = YES;
				CLANG_WARN_NON_LITERAL_NULL_CONVERSION = YES;
				CLANG_WARN_OBJC_IMPLICIT_RETAIN_SELF = YES;
				CLANG_WARN_OBJC_LITERAL_CONVERSION = YES;
				CLANG_WARN_OBJC_ROOT_CLASS = YES_ERROR;
				CLANG_WARN_RANGE_LOOP_ANALYSIS = YES;
				CLANG_WARN_STRICT_PROTOTYPES = YES;
				CLANG_WARN_SUSPICIOUS_MOVE = YES;
				CLANG_WARN_UNGUARDED_AVAILABILITY = YES_AGGRESSIVE;
				CLANG_WARN_UNREACHABLE_CODE = YES;
				CLANG_WARN__DUPLICATE_METHOD_MATCH = YES;
				CODE_SIGN_IDENTITY = "iPhone Developer";
				COPY_PHASE_STRIP = NO;
				DEBUG_INFORMATION_FORMAT = "dwarf-with-dsym";
				ENABLE_NS_ASSERTIONS = NO;
				ENABLE_STRICT_OBJC_MSGSEND = YES;
				GCC_C_LANGUAGE_STANDARD = gnu11;
				GCC_NO_COMMON_BLOCKS = YES;
				GCC_WARN_64_TO_32_BIT_CONVERSION = YES;
				GCC_WARN_ABOUT_RETURN_TYPE = YES_ERROR;
				GCC_WARN_UNDECLARED_SELECTOR = YES;
				GCC_WARN_UNINITIALIZED_AUTOS = YES_AGGRESSIVE;
				GCC_WARN_UNUSED_FUNCTION = YES;
				GCC_WARN_UNUSED_VARIABLE = YES;
				IPHONEOS_DEPLOYMENT_TARGET = 11.3;
				MTL_ENABLE_DEBUG_INFO = NO;
				SDKROOT = iphoneos;
				SWIFT_COMPILATION_MODE = wholemodule;
				SWIFT_OPTIMIZATION_LEVEL = "-O";
				VALIDATE_PRODUCT = YES;
			};
			name = Release;
		};
		89C105C121078BB2006EBD5F /* Debug */ = {
			isa = XCBuildConfiguration;
			baseConfigurationReference = E8919F40F65A7A3C65C35171 /* Pods-LS_App.debug.xcconfig */;
			buildSettings = {
				ASSETCATALOG_COMPILER_APPICON_NAME = AppIcon;
				CODE_SIGN_STYLE = Automatic;
				DEVELOPMENT_TEAM = F9SQL5NE4J;
				INFOPLIST_FILE = "$(SRCROOT)/LS_App/CommonFiles/Info.plist";
				LD_RUNPATH_SEARCH_PATHS = (
					"$(inherited)",
					"@executable_path/Frameworks",
				);
				PRODUCT_BUNDLE_IDENTIFIER = "dont-have.LS-App";
				PRODUCT_NAME = "$(TARGET_NAME)";
				SWIFT_VERSION = 4.0;
				TARGETED_DEVICE_FAMILY = 1;
			};
			name = Debug;
		};
		89C105C221078BB2006EBD5F /* Release */ = {
			isa = XCBuildConfiguration;
			baseConfigurationReference = A8D97B2D0C8B9F14B3B2F633 /* Pods-LS_App.release.xcconfig */;
			buildSettings = {
				ASSETCATALOG_COMPILER_APPICON_NAME = AppIcon;
				CODE_SIGN_STYLE = Automatic;
				DEVELOPMENT_TEAM = F9SQL5NE4J;
				INFOPLIST_FILE = "$(SRCROOT)/LS_App/CommonFiles/Info.plist";
				LD_RUNPATH_SEARCH_PATHS = (
					"$(inherited)",
					"@executable_path/Frameworks",
				);
				PRODUCT_BUNDLE_IDENTIFIER = "dont-have.LS-App";
				PRODUCT_NAME = "$(TARGET_NAME)";
				SWIFT_VERSION = 4.0;
				TARGETED_DEVICE_FAMILY = 1;
			};
			name = Release;
		};
		89C105C421078BB2006EBD5F /* Debug */ = {
			isa = XCBuildConfiguration;
			buildSettings = {
				ALWAYS_EMBED_SWIFT_STANDARD_LIBRARIES = YES;
				BUNDLE_LOADER = "$(TEST_HOST)";
				CODE_SIGN_STYLE = Automatic;
				INFOPLIST_FILE = LS_AppTests/Info.plist;
				LD_RUNPATH_SEARCH_PATHS = (
					"$(inherited)",
					"@executable_path/Frameworks",
					"@loader_path/Frameworks",
				);
				PRODUCT_BUNDLE_IDENTIFIER = "dont-have.LS-AppTests";
				PRODUCT_NAME = "$(TARGET_NAME)";
				SWIFT_VERSION = 4.0;
				TARGETED_DEVICE_FAMILY = "1,2";
				TEST_HOST = "$(BUILT_PRODUCTS_DIR)/LS_App.app/LS_App";
			};
			name = Debug;
		};
		89C105C521078BB2006EBD5F /* Release */ = {
			isa = XCBuildConfiguration;
			buildSettings = {
				ALWAYS_EMBED_SWIFT_STANDARD_LIBRARIES = YES;
				BUNDLE_LOADER = "$(TEST_HOST)";
				CODE_SIGN_STYLE = Automatic;
				INFOPLIST_FILE = LS_AppTests/Info.plist;
				LD_RUNPATH_SEARCH_PATHS = (
					"$(inherited)",
					"@executable_path/Frameworks",
					"@loader_path/Frameworks",
				);
				PRODUCT_BUNDLE_IDENTIFIER = "dont-have.LS-AppTests";
				PRODUCT_NAME = "$(TARGET_NAME)";
				SWIFT_VERSION = 4.0;
				TARGETED_DEVICE_FAMILY = "1,2";
				TEST_HOST = "$(BUILT_PRODUCTS_DIR)/LS_App.app/LS_App";
			};
			name = Release;
		};
		89C105C721078BB2006EBD5F /* Debug */ = {
			isa = XCBuildConfiguration;
			buildSettings = {
				ALWAYS_EMBED_SWIFT_STANDARD_LIBRARIES = YES;
				CODE_SIGN_STYLE = Automatic;
				INFOPLIST_FILE = LS_AppUITests/Info.plist;
				LD_RUNPATH_SEARCH_PATHS = (
					"$(inherited)",
					"@executable_path/Frameworks",
					"@loader_path/Frameworks",
				);
				PRODUCT_BUNDLE_IDENTIFIER = "dont-have.LS-AppUITests";
				PRODUCT_NAME = "$(TARGET_NAME)";
				SWIFT_VERSION = 4.0;
				TARGETED_DEVICE_FAMILY = "1,2";
				TEST_TARGET_NAME = LS_App;
			};
			name = Debug;
		};
		89C105C821078BB2006EBD5F /* Release */ = {
			isa = XCBuildConfiguration;
			buildSettings = {
				ALWAYS_EMBED_SWIFT_STANDARD_LIBRARIES = YES;
				CODE_SIGN_STYLE = Automatic;
				INFOPLIST_FILE = LS_AppUITests/Info.plist;
				LD_RUNPATH_SEARCH_PATHS = (
					"$(inherited)",
					"@executable_path/Frameworks",
					"@loader_path/Frameworks",
				);
				PRODUCT_BUNDLE_IDENTIFIER = "dont-have.LS-AppUITests";
				PRODUCT_NAME = "$(TARGET_NAME)";
				SWIFT_VERSION = 4.0;
				TARGETED_DEVICE_FAMILY = "1,2";
				TEST_TARGET_NAME = LS_App;
			};
			name = Release;
		};
/* End XCBuildConfiguration section */

/* Begin XCConfigurationList section */
		89C1059321078BAE006EBD5F /* Build configuration list for PBXProject "LS_App" */ = {
			isa = XCConfigurationList;
			buildConfigurations = (
				89C105BE21078BB2006EBD5F /* Debug */,
				89C105BF21078BB2006EBD5F /* Release */,
			);
			defaultConfigurationIsVisible = 0;
			defaultConfigurationName = Release;
		};
		89C105C021078BB2006EBD5F /* Build configuration list for PBXNativeTarget "LS_App" */ = {
			isa = XCConfigurationList;
			buildConfigurations = (
				89C105C121078BB2006EBD5F /* Debug */,
				89C105C221078BB2006EBD5F /* Release */,
			);
			defaultConfigurationIsVisible = 0;
			defaultConfigurationName = Release;
		};
		89C105C321078BB2006EBD5F /* Build configuration list for PBXNativeTarget "LS_AppTests" */ = {
			isa = XCConfigurationList;
			buildConfigurations = (
				89C105C421078BB2006EBD5F /* Debug */,
				89C105C521078BB2006EBD5F /* Release */,
			);
			defaultConfigurationIsVisible = 0;
			defaultConfigurationName = Release;
		};
		89C105C621078BB2006EBD5F /* Build configuration list for PBXNativeTarget "LS_AppUITests" */ = {
			isa = XCConfigurationList;
			buildConfigurations = (
				89C105C721078BB2006EBD5F /* Debug */,
				89C105C821078BB2006EBD5F /* Release */,
			);
			defaultConfigurationIsVisible = 0;
			defaultConfigurationName = Release;
		};
/* End XCConfigurationList section */
	};
	rootObject = 89C1059021078BAE006EBD5F /* Project object */;
}
