// !$*UTF8*$!
{
	archiveVersion = 1;
	classes = {
	};
	objectVersion = 50;
	objects = {

/* Begin PBXBuildFile section */
		891D85532146A147006A40F6 /* MenuVC.swift in Sources */ = {isa = PBXBuildFile; fileRef = 891D85522146A147006A40F6 /* MenuVC.swift */; };
		892B332021244FD300BAF2F9 /* LoadingCell.xib in Resources */ = {isa = PBXBuildFile; fileRef = 892B331F21244FD300BAF2F9 /* LoadingCell.xib */; };
		892B33222124500900BAF2F9 /* LoadingCell.swift in Sources */ = {isa = PBXBuildFile; fileRef = 892B33212124500800BAF2F9 /* LoadingCell.swift */; };
		892B3325212710AB00BAF2F9 /* MeditaceVC.swift in Sources */ = {isa = PBXBuildFile; fileRef = 892B3324212710AB00BAF2F9 /* MeditaceVC.swift */; };
		892B332A2127496000BAF2F9 /* MeditaceCell.swift in Sources */ = {isa = PBXBuildFile; fileRef = 892B33292127496000BAF2F9 /* MeditaceCell.swift */; };
		892B332C21274BFA00BAF2F9 /* MeditaceClass.swift in Sources */ = {isa = PBXBuildFile; fileRef = 892B332B21274BFA00BAF2F9 /* MeditaceClass.swift */; };
		892B333621275E8C00BAF2F9 /* DetailMeditaceVC.swift in Sources */ = {isa = PBXBuildFile; fileRef = 892B333521275E8C00BAF2F9 /* DetailMeditaceVC.swift */; };
		89329883212AAF4E00BBBB79 /* quotes-wallpaper-s8-white-grey-minimal-abstract-wallpaper-galaxy-clean-beauty-of-quotes-wallpaper-s8.jpg in Resources */ = {isa = PBXBuildFile; fileRef = 89329882212AAF4E00BBBB79 /* quotes-wallpaper-s8-white-grey-minimal-abstract-wallpaper-galaxy-clean-beauty-of-quotes-wallpaper-s8.jpg */; };
		895023A7212AF6C7007BD6D0 /* pause.png in Resources */ = {isa = PBXBuildFile; fileRef = 895023A5212AF6C7007BD6D0 /* pause.png */; };
		895023A8212AF6C7007BD6D0 /* play.png in Resources */ = {isa = PBXBuildFile; fileRef = 895023A6212AF6C7007BD6D0 /* play.png */; };
		895023AC212CD1C3007BD6D0 /* 2_hudba.mp3 in Resources */ = {isa = PBXBuildFile; fileRef = 895023AB212CD1C3007BD6D0 /* 2_hudba.mp3 */; };
		895023AE212CD1F8007BD6D0 /* 2_slovo_pozorovani_jedne_myslenky.mp3 in Resources */ = {isa = PBXBuildFile; fileRef = 895023AD212CD1F8007BD6D0 /* 2_slovo_pozorovani_jedne_myslenky.mp3 */; };
		895023B2212CD612007BD6D0 /* uvod.png in Resources */ = {isa = PBXBuildFile; fileRef = 895023B1212CD611007BD6D0 /* uvod.png */; };
		895023B721316200007BD6D0 /* 15_forward.png in Resources */ = {isa = PBXBuildFile; fileRef = 895023B5213161FF007BD6D0 /* 15_forward.png */; };
		895023B821316200007BD6D0 /* 15_back.png in Resources */ = {isa = PBXBuildFile; fileRef = 895023B621316200007BD6D0 /* 15_back.png */; };
		895023BC2134D21D007BD6D0 /* 1_meditace.jpg in Resources */ = {isa = PBXBuildFile; fileRef = 895023BB2134D21C007BD6D0 /* 1_meditace.jpg */; };
		895023BE2134D290007BD6D0 /* 2_meditace.jpg in Resources */ = {isa = PBXBuildFile; fileRef = 895023BD2134D28F007BD6D0 /* 2_meditace.jpg */; };
		8964D8E521293FE200D59220 /* 1_slovo_niterne_poznani.mp3 in Resources */ = {isa = PBXBuildFile; fileRef = 8964D8E321293FE100D59220 /* 1_slovo_niterne_poznani.mp3 */; };
		8964D8E621293FE200D59220 /* 1_hudba.mp3 in Resources */ = {isa = PBXBuildFile; fileRef = 8964D8E421293FE200D59220 /* 1_hudba.mp3 */; };
		8964D8E821294ACE00D59220 /* MeditacePlayerVC.swift in Sources */ = {isa = PBXBuildFile; fileRef = 8964D8E721294ACE00D59220 /* MeditacePlayerVC.swift */; };
		8964D8F021295DBA00D59220 /* nosound.png in Resources */ = {isa = PBXBuildFile; fileRef = 8964D8EA21295DB900D59220 /* nosound.png */; };
		8964D8F121295DBA00D59220 /* right.png in Resources */ = {isa = PBXBuildFile; fileRef = 8964D8EB21295DB900D59220 /* right.png */; };
		8964D8F321295DBA00D59220 /* left.png in Resources */ = {isa = PBXBuildFile; fileRef = 8964D8ED21295DBA00D59220 /* left.png */; };
		8964D8F521295DBA00D59220 /* sound.png in Resources */ = {isa = PBXBuildFile; fileRef = 8964D8EF21295DBA00D59220 /* sound.png */; };
		899163FD215C46B600A850EC /* GOTHICBI.TTF in Resources */ = {isa = PBXBuildFile; fileRef = 899163F9215C46B000A850EC /* GOTHICBI.TTF */; };
		899163FE215C46B600A850EC /* GOTHIC.TTF in Resources */ = {isa = PBXBuildFile; fileRef = 899163FA215C46B100A850EC /* GOTHIC.TTF */; };
		899163FF215C46B600A850EC /* GOTHICI.TTF in Resources */ = {isa = PBXBuildFile; fileRef = 899163FB215C46B300A850EC /* GOTHICI.TTF */; };
		89916400215C46B600A850EC /* GOTHICB.TTF in Resources */ = {isa = PBXBuildFile; fileRef = 899163FC215C46B400A850EC /* GOTHICB.TTF */; };
		89C1059C21078BAE006EBD5F /* AppDelegate.swift in Sources */ = {isa = PBXBuildFile; fileRef = 89C1059B21078BAE006EBD5F /* AppDelegate.swift */; };
		89C1059E21078BAE006EBD5F /* HomeVC.swift in Sources */ = {isa = PBXBuildFile; fileRef = 89C1059D21078BAE006EBD5F /* HomeVC.swift */; };
		89C105A121078BAE006EBD5F /* Main.storyboard in Resources */ = {isa = PBXBuildFile; fileRef = 89C1059F21078BAE006EBD5F /* Main.storyboard */; };
		89C105A321078BB2006EBD5F /* Assets.xcassets in Resources */ = {isa = PBXBuildFile; fileRef = 89C105A221078BB2006EBD5F /* Assets.xcassets */; };
		89C105A621078BB2006EBD5F /* LaunchScreen.storyboard in Resources */ = {isa = PBXBuildFile; fileRef = 89C105A421078BB2006EBD5F /* LaunchScreen.storyboard */; };
		89C105B121078BB2006EBD5F /* LS_AppTests.swift in Sources */ = {isa = PBXBuildFile; fileRef = 89C105B021078BB2006EBD5F /* LS_AppTests.swift */; };
		89C105BC21078BB2006EBD5F /* LS_AppUITests.swift in Sources */ = {isa = PBXBuildFile; fileRef = 89C105BB21078BB2006EBD5F /* LS_AppUITests.swift */; };
		89C105CA210792D0006EBD5F /* ArticleListVC.swift in Sources */ = {isa = PBXBuildFile; fileRef = 89C105C9210792D0006EBD5F /* ArticleListVC.swift */; };
		89C105CC210793BF006EBD5F /* ArticleCell.swift in Sources */ = {isa = PBXBuildFile; fileRef = 89C105CB210793BF006EBD5F /* ArticleCell.swift */; };
		89C105CE210795E3006EBD5F /* ArticleClass.swift in Sources */ = {isa = PBXBuildFile; fileRef = 89C105CD210795E3006EBD5F /* ArticleClass.swift */; };
		89ED1BE52114C766001CC7F6 /* ArticleVC.swift in Sources */ = {isa = PBXBuildFile; fileRef = 89ED1BE42114C766001CC7F6 /* ArticleVC.swift */; };
		B3B72B38AB01A7F20DFEF0B0 /* Pods_LS_App.framework in Frameworks */ = {isa = PBXBuildFile; fileRef = 4F5C6FB3141DBBD8FAB7FD1E /* Pods_LS_App.framework */; };
/* End PBXBuildFile section */

/* Begin PBXContainerItemProxy section */
		89C105AD21078BB2006EBD5F /* PBXContainerItemProxy */ = {
			isa = PBXContainerItemProxy;
			containerPortal = 89C1059021078BAE006EBD5F /* Project object */;
			proxyType = 1;
			remoteGlobalIDString = 89C1059721078BAE006EBD5F;
			remoteInfo = LS_App;
		};
		89C105B821078BB2006EBD5F /* PBXContainerItemProxy */ = {
			isa = PBXContainerItemProxy;
			containerPortal = 89C1059021078BAE006EBD5F /* Project object */;
			proxyType = 1;
			remoteGlobalIDString = 89C1059721078BAE006EBD5F;
			remoteInfo = LS_App;
		};
/* End PBXContainerItemProxy section */

/* Begin PBXFileReference section */
		4F5C6FB3141DBBD8FAB7FD1E /* Pods_LS_App.framework */ = {isa = PBXFileReference; explicitFileType = wrapper.framework; includeInIndex = 0; path = Pods_LS_App.framework; sourceTree = BUILT_PRODUCTS_DIR; };
		891D85522146A147006A40F6 /* MenuVC.swift */ = {isa = PBXFileReference; lastKnownFileType = sourcecode.swift; path = MenuVC.swift; sourceTree = "<group>"; };
		892B331F21244FD300BAF2F9 /* LoadingCell.xib */ = {isa = PBXFileReference; fileEncoding = 4; lastKnownFileType = file.xib; path = LoadingCell.xib; sourceTree = "<group>"; };
		892B33212124500800BAF2F9 /* LoadingCell.swift */ = {isa = PBXFileReference; fileEncoding = 4; lastKnownFileType = sourcecode.swift; path = LoadingCell.swift; sourceTree = "<group>"; };
		892B3324212710AB00BAF2F9 /* MeditaceVC.swift */ = {isa = PBXFileReference; lastKnownFileType = sourcecode.swift; path = MeditaceVC.swift; sourceTree = "<group>"; };
		892B33292127496000BAF2F9 /* MeditaceCell.swift */ = {isa = PBXFileReference; lastKnownFileType = sourcecode.swift; path = MeditaceCell.swift; sourceTree = "<group>"; };
		892B332B21274BFA00BAF2F9 /* MeditaceClass.swift */ = {isa = PBXFileReference; lastKnownFileType = sourcecode.swift; path = MeditaceClass.swift; sourceTree = "<group>"; };
		892B333521275E8C00BAF2F9 /* DetailMeditaceVC.swift */ = {isa = PBXFileReference; lastKnownFileType = sourcecode.swift; path = DetailMeditaceVC.swift; sourceTree = "<group>"; };
		89329882212AAF4E00BBBB79 /* quotes-wallpaper-s8-white-grey-minimal-abstract-wallpaper-galaxy-clean-beauty-of-quotes-wallpaper-s8.jpg */ = {isa = PBXFileReference; lastKnownFileType = image.jpeg; path = "quotes-wallpaper-s8-white-grey-minimal-abstract-wallpaper-galaxy-clean-beauty-of-quotes-wallpaper-s8.jpg"; sourceTree = "<group>"; };
		895023A5212AF6C7007BD6D0 /* pause.png */ = {isa = PBXFileReference; lastKnownFileType = image.png; path = pause.png; sourceTree = "<group>"; };
		895023A6212AF6C7007BD6D0 /* play.png */ = {isa = PBXFileReference; lastKnownFileType = image.png; path = play.png; sourceTree = "<group>"; };
		895023AB212CD1C3007BD6D0 /* 2_hudba.mp3 */ = {isa = PBXFileReference; lastKnownFileType = audio.mp3; path = 2_hudba.mp3; sourceTree = "<group>"; };
		895023AD212CD1F8007BD6D0 /* 2_slovo_pozorovani_jedne_myslenky.mp3 */ = {isa = PBXFileReference; lastKnownFileType = audio.mp3; path = 2_slovo_pozorovani_jedne_myslenky.mp3; sourceTree = "<group>"; };
		895023B1212CD611007BD6D0 /* uvod.png */ = {isa = PBXFileReference; lastKnownFileType = image.png; path = uvod.png; sourceTree = "<group>"; };
		895023B5213161FF007BD6D0 /* 15_forward.png */ = {isa = PBXFileReference; lastKnownFileType = image.png; path = 15_forward.png; sourceTree = "<group>"; };
		895023B621316200007BD6D0 /* 15_back.png */ = {isa = PBXFileReference; lastKnownFileType = image.png; path = 15_back.png; sourceTree = "<group>"; };
		895023BB2134D21C007BD6D0 /* 1_meditace.jpg */ = {isa = PBXFileReference; lastKnownFileType = image.jpeg; path = 1_meditace.jpg; sourceTree = "<group>"; };
		895023BD2134D28F007BD6D0 /* 2_meditace.jpg */ = {isa = PBXFileReference; lastKnownFileType = image.jpeg; path = 2_meditace.jpg; sourceTree = "<group>"; };
		8964D8E321293FE100D59220 /* 1_slovo_niterne_poznani.mp3 */ = {isa = PBXFileReference; lastKnownFileType = audio.mp3; path = 1_slovo_niterne_poznani.mp3; sourceTree = "<group>"; };
		8964D8E421293FE200D59220 /* 1_hudba.mp3 */ = {isa = PBXFileReference; lastKnownFileType = audio.mp3; path = 1_hudba.mp3; sourceTree = "<group>"; };
		8964D8E721294ACE00D59220 /* MeditacePlayerVC.swift */ = {isa = PBXFileReference; lastKnownFileType = sourcecode.swift; path = MeditacePlayerVC.swift; sourceTree = "<group>"; };
		8964D8EA21295DB900D59220 /* nosound.png */ = {isa = PBXFileReference; lastKnownFileType = image.png; path = nosound.png; sourceTree = "<group>"; };
		8964D8EB21295DB900D59220 /* right.png */ = {isa = PBXFileReference; lastKnownFileType = image.png; path = right.png; sourceTree = "<group>"; };
		8964D8ED21295DBA00D59220 /* left.png */ = {isa = PBXFileReference; lastKnownFileType = image.png; path = left.png; sourceTree = "<group>"; };
		8964D8EF21295DBA00D59220 /* sound.png */ = {isa = PBXFileReference; lastKnownFileType = image.png; path = sound.png; sourceTree = "<group>"; };
		899163F9215C46B000A850EC /* GOTHICBI.TTF */ = {isa = PBXFileReference; lastKnownFileType = file; path = GOTHICBI.TTF; sourceTree = "<group>"; };
		899163FA215C46B100A850EC /* GOTHIC.TTF */ = {isa = PBXFileReference; lastKnownFileType = file; path = GOTHIC.TTF; sourceTree = "<group>"; };
		899163FB215C46B300A850EC /* GOTHICI.TTF */ = {isa = PBXFileReference; lastKnownFileType = file; path = GOTHICI.TTF; sourceTree = "<group>"; };
		899163FC215C46B400A850EC /* GOTHICB.TTF */ = {isa = PBXFileReference; lastKnownFileType = file; path = GOTHICB.TTF; sourceTree = "<group>"; };
		89C1059821078BAE006EBD5F /* LS_App.app */ = {isa = PBXFileReference; explicitFileType = wrapper.application; includeInIndex = 0; path = LS_App.app; sourceTree = BUILT_PRODUCTS_DIR; };
		89C1059B21078BAE006EBD5F /* AppDelegate.swift */ = {isa = PBXFileReference; lastKnownFileType = sourcecode.swift; path = AppDelegate.swift; sourceTree = "<group>"; };
		89C1059D21078BAE006EBD5F /* HomeVC.swift */ = {isa = PBXFileReference; lastKnownFileType = sourcecode.swift; path = HomeVC.swift; sourceTree = "<group>"; };
		89C105A021078BAE006EBD5F /* Base */ = {isa = PBXFileReference; lastKnownFileType = file.storyboard; name = Base; path = Base.lproj/Main.storyboard; sourceTree = "<group>"; };
		89C105A221078BB2006EBD5F /* Assets.xcassets */ = {isa = PBXFileReference; lastKnownFileType = folder.assetcatalog; path = Assets.xcassets; sourceTree = "<group>"; };
		89C105A521078BB2006EBD5F /* Base */ = {isa = PBXFileReference; lastKnownFileType = file.storyboard; name = Base; path = Base.lproj/LaunchScreen.storyboard; sourceTree = "<group>"; };
		89C105A721078BB2006EBD5F /* Info.plist */ = {isa = PBXFileReference; lastKnownFileType = text.plist.xml; path = Info.plist; sourceTree = "<group>"; };
		89C105AC21078BB2006EBD5F /* LS_AppTests.xctest */ = {isa = PBXFileReference; explicitFileType = wrapper.cfbundle; includeInIndex = 0; path = LS_AppTests.xctest; sourceTree = BUILT_PRODUCTS_DIR; };
		89C105B021078BB2006EBD5F /* LS_AppTests.swift */ = {isa = PBXFileReference; lastKnownFileType = sourcecode.swift; path = LS_AppTests.swift; sourceTree = "<group>"; };
		89C105B221078BB2006EBD5F /* Info.plist */ = {isa = PBXFileReference; lastKnownFileType = text.plist.xml; path = Info.plist; sourceTree = "<group>"; };
		89C105B721078BB2006EBD5F /* LS_AppUITests.xctest */ = {isa = PBXFileReference; explicitFileType = wrapper.cfbundle; includeInIndex = 0; path = LS_AppUITests.xctest; sourceTree = BUILT_PRODUCTS_DIR; };
		89C105BB21078BB2006EBD5F /* LS_AppUITests.swift */ = {isa = PBXFileReference; lastKnownFileType = sourcecode.swift; path = LS_AppUITests.swift; sourceTree = "<group>"; };
		89C105BD21078BB2006EBD5F /* Info.plist */ = {isa = PBXFileReference; lastKnownFileType = text.plist.xml; path = Info.plist; sourceTree = "<group>"; };
		89C105C9210792D0006EBD5F /* ArticleListVC.swift */ = {isa = PBXFileReference; lastKnownFileType = sourcecode.swift; path = ArticleListVC.swift; sourceTree = "<group>"; };
		89C105CB210793BF006EBD5F /* ArticleCell.swift */ = {isa = PBXFileReference; lastKnownFileType = sourcecode.swift; path = ArticleCell.swift; sourceTree = "<group>"; };
		89C105CD210795E3006EBD5F /* ArticleClass.swift */ = {isa = PBXFileReference; lastKnownFileType = sourcecode.swift; path = ArticleClass.swift; sourceTree = "<group>"; };
		89ED1BE42114C766001CC7F6 /* ArticleVC.swift */ = {isa = PBXFileReference; lastKnownFileType = sourcecode.swift; path = ArticleVC.swift; sourceTree = "<group>"; };
		A8D97B2D0C8B9F14B3B2F633 /* Pods-LS_App.release.xcconfig */ = {isa = PBXFileReference; includeInIndex = 1; lastKnownFileType = text.xcconfig; name = "Pods-LS_App.release.xcconfig"; path = "Pods/Target Support Files/Pods-LS_App/Pods-LS_App.release.xcconfig"; sourceTree = "<group>"; };
		E8919F40F65A7A3C65C35171 /* Pods-LS_App.debug.xcconfig */ = {isa = PBXFileReference; includeInIndex = 1; lastKnownFileType = text.xcconfig; name = "Pods-LS_App.debug.xcconfig"; path = "Pods/Target Support Files/Pods-LS_App/Pods-LS_App.debug.xcconfig"; sourceTree = "<group>"; };
/* End PBXFileReference section */

/* Begin PBXFrameworksBuildPhase section */
		89C1059521078BAE006EBD5F /* Frameworks */ = {
			isa = PBXFrameworksBuildPhase;
			buildActionMask = 2147483647;
			files = (
				B3B72B38AB01A7F20DFEF0B0 /* Pods_LS_App.framework in Frameworks */,
			);
			runOnlyForDeploymentPostprocessing = 0;
		};
		89C105A921078BB2006EBD5F /* Frameworks */ = {
			isa = PBXFrameworksBuildPhase;
			buildActionMask = 2147483647;
			files = (
			);
			runOnlyForDeploymentPostprocessing = 0;
		};
		89C105B421078BB2006EBD5F /* Frameworks */ = {
			isa = PBXFrameworksBuildPhase;
			buildActionMask = 2147483647;
			files = (
			);
			runOnlyForDeploymentPostprocessing = 0;
		};
/* End PBXFrameworksBuildPhase section */

/* Begin PBXGroup section */
		892B332321270A9000BAF2F9 /* ArticleGroup */ = {
			isa = PBXGroup;
			children = (
				89C105CB210793BF006EBD5F /* ArticleCell.swift */,
				89C105C9210792D0006EBD5F /* ArticleListVC.swift */,
				89C105CD210795E3006EBD5F /* ArticleClass.swift */,
				892B331F21244FD300BAF2F9 /* LoadingCell.xib */,
				892B33212124500800BAF2F9 /* LoadingCell.swift */,
				89ED1BE42114C766001CC7F6 /* ArticleVC.swift */,
			);
			path = ArticleGroup;
			sourceTree = "<group>";
		};
		892B3326212747D500BAF2F9 /* MeditaceGroup */ = {
			isa = PBXGroup;
			children = (
				8964D8E921295D9A00D59220 /* IkonkyPlayer */,
				892B332F21275AD900BAF2F9 /* Images */,
				892B333221275B2000BAF2F9 /* Sounds */,
				892B33292127496000BAF2F9 /* MeditaceCell.swift */,
				892B332B21274BFA00BAF2F9 /* MeditaceClass.swift */,
				892B3324212710AB00BAF2F9 /* MeditaceVC.swift */,
				892B333521275E8C00BAF2F9 /* DetailMeditaceVC.swift */,
				8964D8E721294ACE00D59220 /* MeditacePlayerVC.swift */,
			);
			path = MeditaceGroup;
			sourceTree = "<group>";
		};
		892B332F21275AD900BAF2F9 /* Images */ = {
			isa = PBXGroup;
			children = (
				895023BB2134D21C007BD6D0 /* 1_meditace.jpg */,
				895023BD2134D28F007BD6D0 /* 2_meditace.jpg */,
				895023B1212CD611007BD6D0 /* uvod.png */,
			);
			path = Images;
			sourceTree = "<group>";
		};
		892B333221275B2000BAF2F9 /* Sounds */ = {
			isa = PBXGroup;
			children = (
				8964D8E421293FE200D59220 /* 1_hudba.mp3 */,
				8964D8E321293FE100D59220 /* 1_slovo_niterne_poznani.mp3 */,
				895023AB212CD1C3007BD6D0 /* 2_hudba.mp3 */,
				895023AD212CD1F8007BD6D0 /* 2_slovo_pozorovani_jedne_myslenky.mp3 */,
			);
			path = Sounds;
			sourceTree = "<group>";
		};
		8964D8E921295D9A00D59220 /* IkonkyPlayer */ = {
			isa = PBXGroup;
			children = (
				8964D8ED21295DBA00D59220 /* left.png */,
				895023A5212AF6C7007BD6D0 /* pause.png */,
				895023A6212AF6C7007BD6D0 /* play.png */,
				895023B621316200007BD6D0 /* 15_back.png */,
				895023B5213161FF007BD6D0 /* 15_forward.png */,
				8964D8EA21295DB900D59220 /* nosound.png */,
				89329882212AAF4E00BBBB79 /* quotes-wallpaper-s8-white-grey-minimal-abstract-wallpaper-galaxy-clean-beauty-of-quotes-wallpaper-s8.jpg */,
				8964D8EB21295DB900D59220 /* right.png */,
				8964D8EF21295DBA00D59220 /* sound.png */,
			);
			path = IkonkyPlayer;
			sourceTree = "<group>";
		};
		899163F4215C467A00A850EC /* Font */ = {
			isa = PBXGroup;
			children = (
				899163FA215C46B100A850EC /* GOTHIC.TTF */,
				899163FC215C46B400A850EC /* GOTHICB.TTF */,
				899163F9215C46B000A850EC /* GOTHICBI.TTF */,
				899163FB215C46B300A850EC /* GOTHICI.TTF */,
			);
			path = Font;
			sourceTree = "<group>";
		};
		89C1058F21078BAD006EBD5F = {
			isa = PBXGroup;
			children = (
				89C1059A21078BAE006EBD5F /* LS_App */,
				89C105AF21078BB2006EBD5F /* LS_AppTests */,
				89C105BA21078BB2006EBD5F /* LS_AppUITests */,
				89C1059921078BAE006EBD5F /* Products */,
				A7EFE613FAF75C65F9ABC351 /* Pods */,
				ABAF679B0915377A6D95DE45 /* Frameworks */,
			);
			sourceTree = "<group>";
		};
		89C1059921078BAE006EBD5F /* Products */ = {
			isa = PBXGroup;
			children = (
				89C1059821078BAE006EBD5F /* LS_App.app */,
				89C105AC21078BB2006EBD5F /* LS_AppTests.xctest */,
				89C105B721078BB2006EBD5F /* LS_AppUITests.xctest */,
			);
			name = Products;
			sourceTree = "<group>";
		};
		89C1059A21078BAE006EBD5F /* LS_App */ = {
			isa = PBXGroup;
			children = (
				899163F4215C467A00A850EC /* Font */,
				89C1059B21078BAE006EBD5F /* AppDelegate.swift */,
				89C1059D21078BAE006EBD5F /* HomeVC.swift */,
				892B332321270A9000BAF2F9 /* ArticleGroup */,
				89C1059F21078BAE006EBD5F /* Main.storyboard */,
				89C105A221078BB2006EBD5F /* Assets.xcassets */,
				89C105A421078BB2006EBD5F /* LaunchScreen.storyboard */,
				89C105A721078BB2006EBD5F /* Info.plist */,
				892B3326212747D500BAF2F9 /* MeditaceGroup */,
				891D85522146A147006A40F6 /* MenuVC.swift */,
			);
			path = LS_App;
			sourceTree = "<group>";
		};
		89C105AF21078BB2006EBD5F /* LS_AppTests */ = {
			isa = PBXGroup;
			children = (
				89C105B021078BB2006EBD5F /* LS_AppTests.swift */,
				89C105B221078BB2006EBD5F /* Info.plist */,
			);
			path = LS_AppTests;
			sourceTree = "<group>";
		};
		89C105BA21078BB2006EBD5F /* LS_AppUITests */ = {
			isa = PBXGroup;
			children = (
				89C105BB21078BB2006EBD5F /* LS_AppUITests.swift */,
				89C105BD21078BB2006EBD5F /* Info.plist */,
			);
			path = LS_AppUITests;
			sourceTree = "<group>";
		};
		A7EFE613FAF75C65F9ABC351 /* Pods */ = {
			isa = PBXGroup;
			children = (
				E8919F40F65A7A3C65C35171 /* Pods-LS_App.debug.xcconfig */,
				A8D97B2D0C8B9F14B3B2F633 /* Pods-LS_App.release.xcconfig */,
			);
			name = Pods;
			sourceTree = "<group>";
		};
		ABAF679B0915377A6D95DE45 /* Frameworks */ = {
			isa = PBXGroup;
			children = (
				4F5C6FB3141DBBD8FAB7FD1E /* Pods_LS_App.framework */,
			);
			name = Frameworks;
			sourceTree = "<group>";
		};
/* End PBXGroup section */

/* Begin PBXNativeTarget section */
		89C1059721078BAE006EBD5F /* LS_App */ = {
			isa = PBXNativeTarget;
			buildConfigurationList = 89C105C021078BB2006EBD5F /* Build configuration list for PBXNativeTarget "LS_App" */;
			buildPhases = (
				C270BE5114FF125E03613402 /* [CP] Check Pods Manifest.lock */,
				89C1059421078BAE006EBD5F /* Sources */,
				89C1059521078BAE006EBD5F /* Frameworks */,
				89C1059621078BAE006EBD5F /* Resources */,
				E2ED2DE966E4013BB9119A98 /* [CP] Embed Pods Frameworks */,
			);
			buildRules = (
			);
			dependencies = (
			);
			name = LS_App;
			productName = LS_App;
			productReference = 89C1059821078BAE006EBD5F /* LS_App.app */;
			productType = "com.apple.product-type.application";
		};
		89C105AB21078BB2006EBD5F /* LS_AppTests */ = {
			isa = PBXNativeTarget;
			buildConfigurationList = 89C105C321078BB2006EBD5F /* Build configuration list for PBXNativeTarget "LS_AppTests" */;
			buildPhases = (
				89C105A821078BB2006EBD5F /* Sources */,
				89C105A921078BB2006EBD5F /* Frameworks */,
				89C105AA21078BB2006EBD5F /* Resources */,
			);
			buildRules = (
			);
			dependencies = (
				89C105AE21078BB2006EBD5F /* PBXTargetDependency */,
			);
			name = LS_AppTests;
			productName = LS_AppTests;
			productReference = 89C105AC21078BB2006EBD5F /* LS_AppTests.xctest */;
			productType = "com.apple.product-type.bundle.unit-test";
		};
		89C105B621078BB2006EBD5F /* LS_AppUITests */ = {
			isa = PBXNativeTarget;
			buildConfigurationList = 89C105C621078BB2006EBD5F /* Build configuration list for PBXNativeTarget "LS_AppUITests" */;
			buildPhases = (
				89C105B321078BB2006EBD5F /* Sources */,
				89C105B421078BB2006EBD5F /* Frameworks */,
				89C105B521078BB2006EBD5F /* Resources */,
			);
			buildRules = (
			);
			dependencies = (
				89C105B921078BB2006EBD5F /* PBXTargetDependency */,
			);
			name = LS_AppUITests;
			productName = LS_AppUITests;
			productReference = 89C105B721078BB2006EBD5F /* LS_AppUITests.xctest */;
			productType = "com.apple.product-type.bundle.ui-testing";
		};
/* End PBXNativeTarget section */

/* Begin PBXProject section */
		89C1059021078BAE006EBD5F /* Project object */ = {
			isa = PBXProject;
			attributes = {
				LastSwiftUpdateCheck = 0930;
				LastUpgradeCheck = 0930;
				ORGANIZATIONNAME = Boocha;
				TargetAttributes = {
					89C1059721078BAE006EBD5F = {
						CreatedOnToolsVersion = 9.3.1;
					};
					89C105AB21078BB2006EBD5F = {
						CreatedOnToolsVersion = 9.3.1;
						TestTargetID = 89C1059721078BAE006EBD5F;
					};
					89C105B621078BB2006EBD5F = {
						CreatedOnToolsVersion = 9.3.1;
						TestTargetID = 89C1059721078BAE006EBD5F;
					};
				};
			};
			buildConfigurationList = 89C1059321078BAE006EBD5F /* Build configuration list for PBXProject "LS_App" */;
			compatibilityVersion = "Xcode 9.3";
			developmentRegion = en;
			hasScannedForEncodings = 0;
			knownRegions = (
				en,
				Base,
			);
			mainGroup = 89C1058F21078BAD006EBD5F;
			productRefGroup = 89C1059921078BAE006EBD5F /* Products */;
			projectDirPath = "";
			projectRoot = "";
			targets = (
				89C1059721078BAE006EBD5F /* LS_App */,
				89C105AB21078BB2006EBD5F /* LS_AppTests */,
				89C105B621078BB2006EBD5F /* LS_AppUITests */,
			);
		};
/* End PBXProject section */

/* Begin PBXResourcesBuildPhase section */
		89C1059621078BAE006EBD5F /* Resources */ = {
			isa = PBXResourcesBuildPhase;
			buildActionMask = 2147483647;
			files = (
				89C105A621078BB2006EBD5F /* LaunchScreen.storyboard in Resources */,
				895023A8212AF6C7007BD6D0 /* play.png in Resources */,
				895023A7212AF6C7007BD6D0 /* pause.png in Resources */,
				8964D8F121295DBA00D59220 /* right.png in Resources */,
				89C105A321078BB2006EBD5F /* Assets.xcassets in Resources */,
				8964D8F521295DBA00D59220 /* sound.png in Resources */,
				8964D8F321295DBA00D59220 /* left.png in Resources */,
				899163FD215C46B600A850EC /* GOTHICBI.TTF in Resources */,
				895023AE212CD1F8007BD6D0 /* 2_slovo_pozorovani_jedne_myslenky.mp3 in Resources */,
				895023BC2134D21D007BD6D0 /* 1_meditace.jpg in Resources */,
				899163FE215C46B600A850EC /* GOTHIC.TTF in Resources */,
				8964D8F021295DBA00D59220 /* nosound.png in Resources */,
				892B332021244FD300BAF2F9 /* LoadingCell.xib in Resources */,
				8964D8E621293FE200D59220 /* 1_hudba.mp3 in Resources */,
				895023B821316200007BD6D0 /* 15_back.png in Resources */,
				89C105A121078BAE006EBD5F /* Main.storyboard in Resources */,
				8964D8E521293FE200D59220 /* 1_slovo_niterne_poznani.mp3 in Resources */,
				895023AC212CD1C3007BD6D0 /* 2_hudba.mp3 in Resources */,
				899163FF215C46B600A850EC /* GOTHICI.TTF in Resources */,
				89329883212AAF4E00BBBB79 /* quotes-wallpaper-s8-white-grey-minimal-abstract-wallpaper-galaxy-clean-beauty-of-quotes-wallpaper-s8.jpg in Resources */,
				895023B721316200007BD6D0 /* 15_forward.png in Resources */,
				895023BE2134D290007BD6D0 /* 2_meditace.jpg in Resources */,
				895023B2212CD612007BD6D0 /* uvod.png in Resources */,
				89916400215C46B600A850EC /* GOTHICB.TTF in Resources */,
			);
			runOnlyForDeploymentPostprocessing = 0;
		};
		89C105AA21078BB2006EBD5F /* Resources */ = {
			isa = PBXResourcesBuildPhase;
			buildActionMask = 2147483647;
			files = (
			);
			runOnlyForDeploymentPostprocessing = 0;
		};
		89C105B521078BB2006EBD5F /* Resources */ = {
			isa = PBXResourcesBuildPhase;
			buildActionMask = 2147483647;
			files = (
			);
			runOnlyForDeploymentPostprocessing = 0;
		};
/* End PBXResourcesBuildPhase section */

/* Begin PBXShellScriptBuildPhase section */
		C270BE5114FF125E03613402 /* [CP] Check Pods Manifest.lock */ = {
			isa = PBXShellScriptBuildPhase;
			buildActionMask = 2147483647;
			files = (
			);
			inputPaths = (
				"${PODS_PODFILE_DIR_PATH}/Podfile.lock",
				"${PODS_ROOT}/Manifest.lock",
			);
			name = "[CP] Check Pods Manifest.lock";
			outputPaths = (
				"$(DERIVED_FILE_DIR)/Pods-LS_App-checkManifestLockResult.txt",
			);
			runOnlyForDeploymentPostprocessing = 0;
			shellPath = /bin/sh;
			shellScript = "diff \"${PODS_PODFILE_DIR_PATH}/Podfile.lock\" \"${PODS_ROOT}/Manifest.lock\" > /dev/null\nif [ $? != 0 ] ; then\n    # print error to STDERR\n    echo \"error: The sandbox is not in sync with the Podfile.lock. Run 'pod install' or update your CocoaPods installation.\" >&2\n    exit 1\nfi\n# This output is used by Xcode 'outputs' to avoid re-running this script phase.\necho \"SUCCESS\" > \"${SCRIPT_OUTPUT_FILE_0}\"\n";
			showEnvVarsInLog = 0;
		};
		E2ED2DE966E4013BB9119A98 /* [CP] Embed Pods Frameworks */ = {
			isa = PBXShellScriptBuildPhase;
			buildActionMask = 2147483647;
			files = (
			);
			inputPaths = (
				"${SRCROOT}/Pods/Target Support Files/Pods-LS_App/Pods-LS_App-frameworks.sh",
				"${BUILT_PRODUCTS_DIR}/Alamofire/Alamofire.framework",
				"${BUILT_PRODUCTS_DIR}/Kingfisher/Kingfisher.framework",
				"${BUILT_PRODUCTS_DIR}/NVActivityIndicatorView/NVActivityIndicatorView.framework",
				"${BUILT_PRODUCTS_DIR}/SKActivityIndicatorView/SKActivityIndicatorView.framework",
				"${BUILT_PRODUCTS_DIR}/SwiftyJSON/SwiftyJSON.framework",
			);
			name = "[CP] Embed Pods Frameworks";
			outputPaths = (
				"${TARGET_BUILD_DIR}/${FRAMEWORKS_FOLDER_PATH}/Alamofire.framework",
				"${TARGET_BUILD_DIR}/${FRAMEWORKS_FOLDER_PATH}/Kingfisher.framework",
				"${TARGET_BUILD_DIR}/${FRAMEWORKS_FOLDER_PATH}/NVActivityIndicatorView.framework",
				"${TARGET_BUILD_DIR}/${FRAMEWORKS_FOLDER_PATH}/SKActivityIndicatorView.framework",
				"${TARGET_BUILD_DIR}/${FRAMEWORKS_FOLDER_PATH}/SwiftyJSON.framework",
			);
			runOnlyForDeploymentPostprocessing = 0;
			shellPath = /bin/sh;
			shellScript = "\"${SRCROOT}/Pods/Target Support Files/Pods-LS_App/Pods-LS_App-frameworks.sh\"\n";
			showEnvVarsInLog = 0;
		};
/* End PBXShellScriptBuildPhase section */

/* Begin PBXSourcesBuildPhase section */
		89C1059421078BAE006EBD5F /* Sources */ = {
			isa = PBXSourcesBuildPhase;
			buildActionMask = 2147483647;
			files = (
				892B3325212710AB00BAF2F9 /* MeditaceVC.swift in Sources */,
				892B332A2127496000BAF2F9 /* MeditaceCell.swift in Sources */,
				89C105CC210793BF006EBD5F /* ArticleCell.swift in Sources */,
				89ED1BE52114C766001CC7F6 /* ArticleVC.swift in Sources */,
				892B333621275E8C00BAF2F9 /* DetailMeditaceVC.swift in Sources */,
				89C105CA210792D0006EBD5F /* ArticleListVC.swift in Sources */,
				891D85532146A147006A40F6 /* MenuVC.swift in Sources */,
				89C1059E21078BAE006EBD5F /* HomeVC.swift in Sources */,
				8964D8E821294ACE00D59220 /* MeditacePlayerVC.swift in Sources */,
				892B33222124500900BAF2F9 /* LoadingCell.swift in Sources */,
				89C1059C21078BAE006EBD5F /* AppDelegate.swift in Sources */,
				892B332C21274BFA00BAF2F9 /* MeditaceClass.swift in Sources */,
				89C105CE210795E3006EBD5F /* ArticleClass.swift in Sources */,
			);
			runOnlyForDeploymentPostprocessing = 0;
		};
		89C105A821078BB2006EBD5F /* Sources */ = {
			isa = PBXSourcesBuildPhase;
			buildActionMask = 2147483647;
			files = (
				89C105B121078BB2006EBD5F /* LS_AppTests.swift in Sources */,
			);
			runOnlyForDeploymentPostprocessing = 0;
		};
		89C105B321078BB2006EBD5F /* Sources */ = {
			isa = PBXSourcesBuildPhase;
			buildActionMask = 2147483647;
			files = (
				89C105BC21078BB2006EBD5F /* LS_AppUITests.swift in Sources */,
			);
			runOnlyForDeploymentPostprocessing = 0;
		};
/* End PBXSourcesBuildPhase section */

/* Begin PBXTargetDependency section */
		89C105AE21078BB2006EBD5F /* PBXTargetDependency */ = {
			isa = PBXTargetDependency;
			target = 89C1059721078BAE006EBD5F /* LS_App */;
			targetProxy = 89C105AD21078BB2006EBD5F /* PBXContainerItemProxy */;
		};
		89C105B921078BB2006EBD5F /* PBXTargetDependency */ = {
			isa = PBXTargetDependency;
			target = 89C1059721078BAE006EBD5F /* LS_App */;
			targetProxy = 89C105B821078BB2006EBD5F /* PBXContainerItemProxy */;
		};
/* End PBXTargetDependency section */

/* Begin PBXVariantGroup section */
		89C1059F21078BAE006EBD5F /* Main.storyboard */ = {
			isa = PBXVariantGroup;
			children = (
				89C105A021078BAE006EBD5F /* Base */,
			);
			name = Main.storyboard;
			sourceTree = "<group>";
		};
		89C105A421078BB2006EBD5F /* LaunchScreen.storyboard */ = {
			isa = PBXVariantGroup;
			children = (
				89C105A521078BB2006EBD5F /* Base */,
			);
			name = LaunchScreen.storyboard;
			sourceTree = "<group>";
		};
/* End PBXVariantGroup section */

/* Begin XCBuildConfiguration section */
		89C105BE21078BB2006EBD5F /* Debug */ = {
			isa = XCBuildConfiguration;
			buildSettings = {
				ALWAYS_SEARCH_USER_PATHS = NO;
				CLANG_ANALYZER_NONNULL = YES;
				CLANG_ANALYZER_NUMBER_OBJECT_CONVERSION = YES_AGGRESSIVE;
				CLANG_CXX_LANGUAGE_STANDARD = "gnu++14";
				CLANG_CXX_LIBRARY = "libc++";
				CLANG_ENABLE_MODULES = YES;
				CLANG_ENABLE_OBJC_ARC = YES;
				CLANG_ENABLE_OBJC_WEAK = YES;
				CLANG_WARN_BLOCK_CAPTURE_AUTORELEASING = YES;
				CLANG_WARN_BOOL_CONVERSION = YES;
				CLANG_WARN_COMMA = YES;
				CLANG_WARN_CONSTANT_CONVERSION = YES;
				CLANG_WARN_DEPRECATED_OBJC_IMPLEMENTATIONS = YES;
				CLANG_WARN_DIRECT_OBJC_ISA_USAGE = YES_ERROR;
				CLANG_WARN_DOCUMENTATION_COMMENTS = YES;
				CLANG_WARN_EMPTY_BODY = YES;
				CLANG_WARN_ENUM_CONVERSION = YES;
				CLANG_WARN_INFINITE_RECURSION = YES;
				CLANG_WARN_INT_CONVERSION = YES;
				CLANG_WARN_NON_LITERAL_NULL_CONVERSION = YES;
				CLANG_WARN_OBJC_IMPLICIT_RETAIN_SELF = YES;
				CLANG_WARN_OBJC_LITERAL_CONVERSION = YES;
				CLANG_WARN_OBJC_ROOT_CLASS = YES_ERROR;
				CLANG_WARN_RANGE_LOOP_ANALYSIS = YES;
				CLANG_WARN_STRICT_PROTOTYPES = YES;
				CLANG_WARN_SUSPICIOUS_MOVE = YES;
				CLANG_WARN_UNGUARDED_AVAILABILITY = YES_AGGRESSIVE;
				CLANG_WARN_UNREACHABLE_CODE = YES;
				CLANG_WARN__DUPLICATE_METHOD_MATCH = YES;
				CODE_SIGN_IDENTITY = "iPhone Developer";
				COPY_PHASE_STRIP = NO;
				DEBUG_INFORMATION_FORMAT = dwarf;
				ENABLE_STRICT_OBJC_MSGSEND = YES;
				ENABLE_TESTABILITY = YES;
				GCC_C_LANGUAGE_STANDARD = gnu11;
				GCC_DYNAMIC_NO_PIC = NO;
				GCC_NO_COMMON_BLOCKS = YES;
				GCC_OPTIMIZATION_LEVEL = 0;
				GCC_PREPROCESSOR_DEFINITIONS = (
					"DEBUG=1",
					"$(inherited)",
				);
				GCC_WARN_64_TO_32_BIT_CONVERSION = YES;
				GCC_WARN_ABOUT_RETURN_TYPE = YES_ERROR;
				GCC_WARN_UNDECLARED_SELECTOR = YES;
				GCC_WARN_UNINITIALIZED_AUTOS = YES_AGGRESSIVE;
				GCC_WARN_UNUSED_FUNCTION = YES;
				GCC_WARN_UNUSED_VARIABLE = YES;
				IPHONEOS_DEPLOYMENT_TARGET = 11.3;
				MTL_ENABLE_DEBUG_INFO = YES;
				ONLY_ACTIVE_ARCH = YES;
				SDKROOT = iphoneos;
				SWIFT_ACTIVE_COMPILATION_CONDITIONS = DEBUG;
				SWIFT_OPTIMIZATION_LEVEL = "-Onone";
			};
			name = Debug;
		};
		89C105BF21078BB2006EBD5F /* Release */ = {
			isa = XCBuildConfiguration;
			buildSettings = {
				ALWAYS_SEARCH_USER_PATHS = NO;
				CLANG_ANALYZER_NONNULL = YES;
				CLANG_ANALYZER_NUMBER_OBJECT_CONVERSION = YES_AGGRESSIVE;
				CLANG_CXX_LANGUAGE_STANDARD = "gnu++14";
				CLANG_CXX_LIBRARY = "libc++";
				CLANG_ENABLE_MODULES = YES;
				CLANG_ENABLE_OBJC_ARC = YES;
				CLANG_ENABLE_OBJC_WEAK = YES;
				CLANG_WARN_BLOCK_CAPTURE_AUTORELEASING = YES;
				CLANG_WARN_BOOL_CONVERSION = YES;
				CLANG_WARN_COMMA = YES;
				CLANG_WARN_CONSTANT_CONVERSION = YES;
				CLANG_WARN_DEPRECATED_OBJC_IMPLEMENTATIONS = YES;
				CLANG_WARN_DIRECT_OBJC_ISA_USAGE = YES_ERROR;
				CLANG_WARN_DOCUMENTATION_COMMENTS = YES;
				CLANG_WARN_EMPTY_BODY = YES;
				CLANG_WARN_ENUM_CONVERSION = YES;
				CLANG_WARN_INFINITE_RECURSION = YES;
				CLANG_WARN_INT_CONVERSION = YES;
				CLANG_WARN_NON_LITERAL_NULL_CONVERSION = YES;
				CLANG_WARN_OBJC_IMPLICIT_RETAIN_SELF = YES;
				CLANG_WARN_OBJC_LITERAL_CONVERSION = YES;
				CLANG_WARN_OBJC_ROOT_CLASS = YES_ERROR;
				CLANG_WARN_RANGE_LOOP_ANALYSIS = YES;
				CLANG_WARN_STRICT_PROTOTYPES = YES;
				CLANG_WARN_SUSPICIOUS_MOVE = YES;
				CLANG_WARN_UNGUARDED_AVAILABILITY = YES_AGGRESSIVE;
				CLANG_WARN_UNREACHABLE_CODE = YES;
				CLANG_WARN__DUPLICATE_METHOD_MATCH = YES;
				CODE_SIGN_IDENTITY = "iPhone Developer";
				COPY_PHASE_STRIP = NO;
				DEBUG_INFORMATION_FORMAT = "dwarf-with-dsym";
				ENABLE_NS_ASSERTIONS = NO;
				ENABLE_STRICT_OBJC_MSGSEND = YES;
				GCC_C_LANGUAGE_STANDARD = gnu11;
				GCC_NO_COMMON_BLOCKS = YES;
				GCC_WARN_64_TO_32_BIT_CONVERSION = YES;
				GCC_WARN_ABOUT_RETURN_TYPE = YES_ERROR;
				GCC_WARN_UNDECLARED_SELECTOR = YES;
				GCC_WARN_UNINITIALIZED_AUTOS = YES_AGGRESSIVE;
				GCC_WARN_UNUSED_FUNCTION = YES;
				GCC_WARN_UNUSED_VARIABLE = YES;
				IPHONEOS_DEPLOYMENT_TARGET = 11.3;
				MTL_ENABLE_DEBUG_INFO = NO;
				SDKROOT = iphoneos;
				SWIFT_COMPILATION_MODE = wholemodule;
				SWIFT_OPTIMIZATION_LEVEL = "-O";
				VALIDATE_PRODUCT = YES;
			};
			name = Release;
		};
		89C105C121078BB2006EBD5F /* Debug */ = {
			isa = XCBuildConfiguration;
			baseConfigurationReference = E8919F40F65A7A3C65C35171 /* Pods-LS_App.debug.xcconfig */;
			buildSettings = {
				ASSETCATALOG_COMPILER_APPICON_NAME = AppIcon;
				CODE_SIGN_STYLE = Automatic;
				DEVELOPMENT_TEAM = F9SQL5NE4J;
				INFOPLIST_FILE = LS_App/Info.plist;
				LD_RUNPATH_SEARCH_PATHS = (
					"$(inherited)",
					"@executable_path/Frameworks",
				);
				PRODUCT_BUNDLE_IDENTIFIER = "dont-have.LS-App";
				PRODUCT_NAME = "$(TARGET_NAME)";
				SWIFT_VERSION = 4.0;
				TARGETED_DEVICE_FAMILY = 1;
			};
			name = Debug;
		};
		89C105C221078BB2006EBD5F /* Release */ = {
			isa = XCBuildConfiguration;
			baseConfigurationReference = A8D97B2D0C8B9F14B3B2F633 /* Pods-LS_App.release.xcconfig */;
			buildSettings = {
				ASSETCATALOG_COMPILER_APPICON_NAME = AppIcon;
				CODE_SIGN_STYLE = Automatic;
				DEVELOPMENT_TEAM = F9SQL5NE4J;
				INFOPLIST_FILE = LS_App/Info.plist;
				LD_RUNPATH_SEARCH_PATHS = (
					"$(inherited)",
					"@executable_path/Frameworks",
				);
				PRODUCT_BUNDLE_IDENTIFIER = "dont-have.LS-App";
				PRODUCT_NAME = "$(TARGET_NAME)";
				SWIFT_VERSION = 4.0;
				TARGETED_DEVICE_FAMILY = 1;
			};
			name = Release;
		};
		89C105C421078BB2006EBD5F /* Debug */ = {
			isa = XCBuildConfiguration;
			buildSettings = {
				ALWAYS_EMBED_SWIFT_STANDARD_LIBRARIES = YES;
				BUNDLE_LOADER = "$(TEST_HOST)";
				CODE_SIGN_STYLE = Automatic;
				INFOPLIST_FILE = LS_AppTests/Info.plist;
				LD_RUNPATH_SEARCH_PATHS = (
					"$(inherited)",
					"@executable_path/Frameworks",
					"@loader_path/Frameworks",
				);
				PRODUCT_BUNDLE_IDENTIFIER = "dont-have.LS-AppTests";
				PRODUCT_NAME = "$(TARGET_NAME)";
				SWIFT_VERSION = 4.0;
				TARGETED_DEVICE_FAMILY = "1,2";
				TEST_HOST = "$(BUILT_PRODUCTS_DIR)/LS_App.app/LS_App";
			};
			name = Debug;
		};
		89C105C521078BB2006EBD5F /* Release */ = {
			isa = XCBuildConfiguration;
			buildSettings = {
				ALWAYS_EMBED_SWIFT_STANDARD_LIBRARIES = YES;
				BUNDLE_LOADER = "$(TEST_HOST)";
				CODE_SIGN_STYLE = Automatic;
				INFOPLIST_FILE = LS_AppTests/Info.plist;
				LD_RUNPATH_SEARCH_PATHS = (
					"$(inherited)",
					"@executable_path/Frameworks",
					"@loader_path/Frameworks",
				);
				PRODUCT_BUNDLE_IDENTIFIER = "dont-have.LS-AppTests";
				PRODUCT_NAME = "$(TARGET_NAME)";
				SWIFT_VERSION = 4.0;
				TARGETED_DEVICE_FAMILY = "1,2";
				TEST_HOST = "$(BUILT_PRODUCTS_DIR)/LS_App.app/LS_App";
			};
			name = Release;
		};
		89C105C721078BB2006EBD5F /* Debug */ = {
			isa = XCBuildConfiguration;
			buildSettings = {
				ALWAYS_EMBED_SWIFT_STANDARD_LIBRARIES = YES;
				CODE_SIGN_STYLE = Automatic;
				INFOPLIST_FILE = LS_AppUITests/Info.plist;
				LD_RUNPATH_SEARCH_PATHS = (
					"$(inherited)",
					"@executable_path/Frameworks",
					"@loader_path/Frameworks",
				);
				PRODUCT_BUNDLE_IDENTIFIER = "dont-have.LS-AppUITests";
				PRODUCT_NAME = "$(TARGET_NAME)";
				SWIFT_VERSION = 4.0;
				TARGETED_DEVICE_FAMILY = "1,2";
				TEST_TARGET_NAME = LS_App;
			};
			name = Debug;
		};
		89C105C821078BB2006EBD5F /* Release */ = {
			isa = XCBuildConfiguration;
			buildSettings = {
				ALWAYS_EMBED_SWIFT_STANDARD_LIBRARIES = YES;
				CODE_SIGN_STYLE = Automatic;
				INFOPLIST_FILE = LS_AppUITests/Info.plist;
				LD_RUNPATH_SEARCH_PATHS = (
					"$(inherited)",
					"@executable_path/Frameworks",
					"@loader_path/Frameworks",
				);
				PRODUCT_BUNDLE_IDENTIFIER = "dont-have.LS-AppUITests";
				PRODUCT_NAME = "$(TARGET_NAME)";
				SWIFT_VERSION = 4.0;
				TARGETED_DEVICE_FAMILY = "1,2";
				TEST_TARGET_NAME = LS_App;
			};
			name = Release;
		};
/* End XCBuildConfiguration section */

/* Begin XCConfigurationList section */
		89C1059321078BAE006EBD5F /* Build configuration list for PBXProject "LS_App" */ = {
			isa = XCConfigurationList;
			buildConfigurations = (
				89C105BE21078BB2006EBD5F /* Debug */,
				89C105BF21078BB2006EBD5F /* Release */,
			);
			defaultConfigurationIsVisible = 0;
			defaultConfigurationName = Release;
		};
		89C105C021078BB2006EBD5F /* Build configuration list for PBXNativeTarget "LS_App" */ = {
			isa = XCConfigurationList;
			buildConfigurations = (
				89C105C121078BB2006EBD5F /* Debug */,
				89C105C221078BB2006EBD5F /* Release */,
			);
			defaultConfigurationIsVisible = 0;
			defaultConfigurationName = Release;
		};
		89C105C321078BB2006EBD5F /* Build configuration list for PBXNativeTarget "LS_AppTests" */ = {
			isa = XCConfigurationList;
			buildConfigurations = (
				89C105C421078BB2006EBD5F /* Debug */,
				89C105C521078BB2006EBD5F /* Release */,
			);
			defaultConfigurationIsVisible = 0;
			defaultConfigurationName = Release;
		};
		89C105C621078BB2006EBD5F /* Build configuration list for PBXNativeTarget "LS_AppUITests" */ = {
			isa = XCConfigurationList;
			buildConfigurations = (
				89C105C721078BB2006EBD5F /* Debug */,
				89C105C821078BB2006EBD5F /* Release */,
			);
			defaultConfigurationIsVisible = 0;
			defaultConfigurationName = Release;
		};
/* End XCConfigurationList section */
	};
	rootObject = 89C1059021078BAE006EBD5F /* Project object */;
}
